// !$*UTF8*$!
{
	archiveVersion = 1;
	classes = {
	};
	objectVersion = 46;
	objects = {

/* Begin PBXBuildFile section */
		044D3F3C68BEEBDEDDB01BF7 /* libPods-DaDaCook.a in Frameworks */ = {isa = PBXBuildFile; fileRef = 1CEDAD6F36C7EBFE68B8FB2F /* libPods-DaDaCook.a */; };
		9B78433D1D62EA0800F5A468 /* main.m in Sources */ = {isa = PBXBuildFile; fileRef = 9B78433C1D62EA0800F5A468 /* main.m */; };
		9B7843401D62EA0800F5A468 /* AppDelegate.m in Sources */ = {isa = PBXBuildFile; fileRef = 9B78433F1D62EA0800F5A468 /* AppDelegate.m */; };
		9B7843461D62EA0800F5A468 /* Main.storyboard in Resources */ = {isa = PBXBuildFile; fileRef = 9B7843441D62EA0800F5A468 /* Main.storyboard */; };
		9B7843481D62EA0800F5A468 /* Assets.xcassets in Resources */ = {isa = PBXBuildFile; fileRef = 9B7843471D62EA0800F5A468 /* Assets.xcassets */; };
		9B78434B1D62EA0800F5A468 /* LaunchScreen.storyboard in Resources */ = {isa = PBXBuildFile; fileRef = 9B7843491D62EA0800F5A468 /* LaunchScreen.storyboard */; };
		9B7843741D62F71700F5A468 /* NSObject+CrowParse.m in Sources */ = {isa = PBXBuildFile; fileRef = 9B7843731D62F71700F5A468 /* NSObject+CrowParse.m */; };
		9B7843771D62F89500F5A468 /* NSString+Crow.m in Sources */ = {isa = PBXBuildFile; fileRef = 9B7843761D62F89500F5A468 /* NSString+Crow.m */; };
		9B78437D1D62F9C500F5A468 /* UIButton+CrowImageTitleSpacing.m in Sources */ = {isa = PBXBuildFile; fileRef = 9B78437C1D62F9C500F5A468 /* UIButton+CrowImageTitleSpacing.m */; };
		9B7843801D62FF3E00F5A468 /* UIScrollView+CrowRefresh.m in Sources */ = {isa = PBXBuildFile; fileRef = 9B78437F1D62FF3E00F5A468 /* UIScrollView+CrowRefresh.m */; };
		9B7843831D63019400F5A468 /* UIView+CrowMBProgressHUD.m in Sources */ = {isa = PBXBuildFile; fileRef = 9B7843821D63019400F5A468 /* UIView+CrowMBProgressHUD.m */; };
		9B7843861D6302E100F5A468 /* CrowBaseNetworking.m in Sources */ = {isa = PBXBuildFile; fileRef = 9B7843851D6302E100F5A468 /* CrowBaseNetworking.m */; };
		9B7843891D63096400F5A468 /* CrowNetManager.m in Sources */ = {isa = PBXBuildFile; fileRef = 9B7843881D63096400F5A468 /* CrowNetManager.m */; };
		9B7843B91D63121500F5A468 /* AppDelegate+Crow.m in Sources */ = {isa = PBXBuildFile; fileRef = 9B7843B81D63121500F5A468 /* AppDelegate+Crow.m */; };
		9B7A4EF41D6FDA1E008D0EBA /* Discover.storyboard in Resources */ = {isa = PBXBuildFile; fileRef = 9B7A4EF11D6FDA1E008D0EBA /* Discover.storyboard */; };
		9B7A4EF51D6FDA1E008D0EBA /* HomePage.storyboard in Resources */ = {isa = PBXBuildFile; fileRef = 9B7A4EF21D6FDA1E008D0EBA /* HomePage.storyboard */; };
		9B7A4EF61D6FDA1E008D0EBA /* Mine.storyboard in Resources */ = {isa = PBXBuildFile; fileRef = 9B7A4EF31D6FDA1E008D0EBA /* Mine.storyboard */; };
		9B7A4F691D7028D8008D0EBA /* BaiduMapAPI_Base.framework in Frameworks */ = {isa = PBXBuildFile; fileRef = 9B7A4F621D7028D8008D0EBA /* BaiduMapAPI_Base.framework */; };
		9B7A4F6A1D7028D8008D0EBA /* BaiduMapAPI_Cloud.framework in Frameworks */ = {isa = PBXBuildFile; fileRef = 9B7A4F631D7028D8008D0EBA /* BaiduMapAPI_Cloud.framework */; };
		9B7A4F6B1D7028D8008D0EBA /* BaiduMapAPI_Location.framework in Frameworks */ = {isa = PBXBuildFile; fileRef = 9B7A4F641D7028D8008D0EBA /* BaiduMapAPI_Location.framework */; };
		9B7A4F6C1D7028D8008D0EBA /* BaiduMapAPI_Map.framework in Frameworks */ = {isa = PBXBuildFile; fileRef = 9B7A4F651D7028D8008D0EBA /* BaiduMapAPI_Map.framework */; };
		9B7A4F6D1D7028D8008D0EBA /* BaiduMapAPI_Radar.framework in Frameworks */ = {isa = PBXBuildFile; fileRef = 9B7A4F661D7028D8008D0EBA /* BaiduMapAPI_Radar.framework */; };
		9B7A4F6E1D7028D8008D0EBA /* BaiduMapAPI_Search.framework in Frameworks */ = {isa = PBXBuildFile; fileRef = 9B7A4F671D7028D8008D0EBA /* BaiduMapAPI_Search.framework */; };
		9B7A4F6F1D7028D8008D0EBA /* BaiduMapAPI_Utils.framework in Frameworks */ = {isa = PBXBuildFile; fileRef = 9B7A4F681D7028D8008D0EBA /* BaiduMapAPI_Utils.framework */; };
		9B7A4F711D7028E5008D0EBA /* mapapi.bundle in Resources */ = {isa = PBXBuildFile; fileRef = 9B7A4F701D7028E5008D0EBA /* mapapi.bundle */; };
		9B7A4F731D7029CE008D0EBA /* CoreLocation.framework in Frameworks */ = {isa = PBXBuildFile; fileRef = 9B7A4F721D7029CE008D0EBA /* CoreLocation.framework */; };
		9B7A4F751D7029D6008D0EBA /* QuartzCore.framework in Frameworks */ = {isa = PBXBuildFile; fileRef = 9B7A4F741D7029D6008D0EBA /* QuartzCore.framework */; };
		9B7A4F771D7029DE008D0EBA /* OpenGLES.framework in Frameworks */ = {isa = PBXBuildFile; fileRef = 9B7A4F761D7029DE008D0EBA /* OpenGLES.framework */; };
		9B7A4F791D7029EA008D0EBA /* SystemConfiguration.framework in Frameworks */ = {isa = PBXBuildFile; fileRef = 9B7A4F781D7029EA008D0EBA /* SystemConfiguration.framework */; };
		9B7A4F7B1D7029F6008D0EBA /* CoreGraphics.framework in Frameworks */ = {isa = PBXBuildFile; fileRef = 9B7A4F7A1D7029F6008D0EBA /* CoreGraphics.framework */; };
		9B7A4F7D1D7029FE008D0EBA /* Security.framework in Frameworks */ = {isa = PBXBuildFile; fileRef = 9B7A4F7C1D7029FE008D0EBA /* Security.framework */; };
		9B7A4F7F1D702A06008D0EBA /* libsqlite3.0.tbd in Frameworks */ = {isa = PBXBuildFile; fileRef = 9B7A4F7E1D702A06008D0EBA /* libsqlite3.0.tbd */; };
		9B7A4F811D702A10008D0EBA /* CoreTelephony.framework in Frameworks */ = {isa = PBXBuildFile; fileRef = 9B7A4F801D702A10008D0EBA /* CoreTelephony.framework */; };
		9B7A4F831D702A18008D0EBA /* libstdc++.6.0.9.tbd in Frameworks */ = {isa = PBXBuildFile; fileRef = 9B7A4F821D702A18008D0EBA /* libstdc++.6.0.9.tbd */; };
		9B7A4F861D7036E4008D0EBA /* CrowKitchenMapViewController.m in Sources */ = {isa = PBXBuildFile; fileRef = 9B7A4F851D7036E4008D0EBA /* CrowKitchenMapViewController.m */; };
		9B7DA28C1D6A851B0048BDAE /* CrowBaseViewModel.m in Sources */ = {isa = PBXBuildFile; fileRef = 9B7DA28B1D6A851B0048BDAE /* CrowBaseViewModel.m */; };
		9B858EA41D6C482D006A8060 /* CrowMineViewController.m in Sources */ = {isa = PBXBuildFile; fileRef = 9B858EA21D6C482D006A8060 /* CrowMineViewController.m */; };
		9B858EB21D6C488A006A8060 /* CrowDiscoverModel.m in Sources */ = {isa = PBXBuildFile; fileRef = 9B858EA71D6C488A006A8060 /* CrowDiscoverModel.m */; };
		9B858EB31D6C488A006A8060 /* CrowDiscoverCell.m in Sources */ = {isa = PBXBuildFile; fileRef = 9B858EAA1D6C488A006A8060 /* CrowDiscoverCell.m */; };
		9B858EB41D6C488A006A8060 /* CrowDiscoverCell.xib in Resources */ = {isa = PBXBuildFile; fileRef = 9B858EAB1D6C488A006A8060 /* CrowDiscoverCell.xib */; };
		9B858EB51D6C488A006A8060 /* CrowDiscoverTableViewController.m in Sources */ = {isa = PBXBuildFile; fileRef = 9B858EAE1D6C488A006A8060 /* CrowDiscoverTableViewController.m */; };
		9B858EB61D6C488A006A8060 /* CrowDiscoverViewModel.m in Sources */ = {isa = PBXBuildFile; fileRef = 9B858EB11D6C488A006A8060 /* CrowDiscoverViewModel.m */; };
		9B858ED21D6C4911006A8060 /* CrowHomePageCookerFirstDetailModel.m in Sources */ = {isa = PBXBuildFile; fileRef = 9B858EBA1D6C4911006A8060 /* CrowHomePageCookerFirstDetailModel.m */; };
		9B858ED31D6C4911006A8060 /* CrowHomePageCookerFourthlyDetailModel.m in Sources */ = {isa = PBXBuildFile; fileRef = 9B858EBC1D6C4911006A8060 /* CrowHomePageCookerFourthlyDetailModel.m */; };
		9B858ED41D6C4911006A8060 /* CrowHomePageCookerSecondDetailModel.m in Sources */ = {isa = PBXBuildFile; fileRef = 9B858EBE1D6C4911006A8060 /* CrowHomePageCookerSecondDetailModel.m */; };
		9B858ED51D6C4911006A8060 /* CrowHomePageCookerThirdDetailModel.m in Sources */ = {isa = PBXBuildFile; fileRef = 9B858EC01D6C4911006A8060 /* CrowHomePageCookerThirdDetailModel.m */; };
		9B858ED61D6C4911006A8060 /* CrowHomePageActivtyModel.m in Sources */ = {isa = PBXBuildFile; fileRef = 9B858EC21D6C4911006A8060 /* CrowHomePageActivtyModel.m */; };
		9B858ED71D6C4911006A8060 /* CrowHomePageCookerModel.m in Sources */ = {isa = PBXBuildFile; fileRef = 9B858EC41D6C4911006A8060 /* CrowHomePageCookerModel.m */; };
		9B858ED81D6C4911006A8060 /* CrowHomePageHeaderModel.m in Sources */ = {isa = PBXBuildFile; fileRef = 9B858EC61D6C4911006A8060 /* CrowHomePageHeaderModel.m */; };
		9B858ED91D6C4911006A8060 /* CrowHomePageDetailCell.m in Sources */ = {isa = PBXBuildFile; fileRef = 9B858EC91D6C4911006A8060 /* CrowHomePageDetailCell.m */; };
		9B858EDA1D6C4911006A8060 /* CrowHomePageHeaderView.m in Sources */ = {isa = PBXBuildFile; fileRef = 9B858ECB1D6C4911006A8060 /* CrowHomePageHeaderView.m */; };
		9B858EDB1D6C4911006A8060 /* CrowHomePageViewController.m in Sources */ = {isa = PBXBuildFile; fileRef = 9B858ECE1D6C4911006A8060 /* CrowHomePageViewController.m */; };
		9B858EDC1D6C4911006A8060 /* CrowHomePageViewModel.m in Sources */ = {isa = PBXBuildFile; fileRef = 9B858ED11D6C4911006A8060 /* CrowHomePageViewModel.m */; };
		9BA5359E1D6D82D5006D7E09 /* CrowCookerDetailViewController.m in Sources */ = {isa = PBXBuildFile; fileRef = 9BA5359D1D6D82D5006D7E09 /* CrowCookerDetailViewController.m */; };
		9BA535A21D6D82F0006D7E09 /* CrowCookerDetailViewModel.m in Sources */ = {isa = PBXBuildFile; fileRef = 9BA535A11D6D82F0006D7E09 /* CrowCookerDetailViewModel.m */; };
		9BA535A51D6D8B5B006D7E09 /* CrowCookerDetailCell.m in Sources */ = {isa = PBXBuildFile; fileRef = 9BA535A41D6D8B5B006D7E09 /* CrowCookerDetailCell.m */; };
		9BA535A81D6D8DCC006D7E09 /* CrowCookerAuthInfoCell.m in Sources */ = {isa = PBXBuildFile; fileRef = 9BA535A71D6D8DCC006D7E09 /* CrowCookerAuthInfoCell.m */; };
		9BA535AB1D6DBBB9006D7E09 /* CrowCookerCommentCell.m in Sources */ = {isa = PBXBuildFile; fileRef = 9BA535AA1D6DBBB9006D7E09 /* CrowCookerCommentCell.m */; };
		9BA535AE1D6DBC07006D7E09 /* CrowCookerAddressCell.m in Sources */ = {isa = PBXBuildFile; fileRef = 9BA535AD1D6DBC07006D7E09 /* CrowCookerAddressCell.m */; };
		9BA535B11D6DBE30006D7E09 /* CrowCookerFoodCell.m in Sources */ = {isa = PBXBuildFile; fileRef = 9BA535B01D6DBE30006D7E09 /* CrowCookerFoodCell.m */; };
		9BA535B41D6DBE49006D7E09 /* CrowCookerOtherFoodCell.m in Sources */ = {isa = PBXBuildFile; fileRef = 9BA535B31D6DBE49006D7E09 /* CrowCookerOtherFoodCell.m */; };
		9BB0DDA91D670D1F00DC767D /* InfoPlist.strings in Resources */ = {isa = PBXBuildFile; fileRef = 9BB0DDAB1D670D1F00DC767D /* InfoPlist.strings */; };
		9BD0353B1D643ACE00BFC90B /* CrowMainTabBarViewController.mm in Sources */ = {isa = PBXBuildFile; fileRef = 9BD0353A1D643ACE00BFC90B /* CrowMainTabBarViewController.mm */; };
/* End PBXBuildFile section */

/* Begin PBXFileReference section */
		1CEDAD6F36C7EBFE68B8FB2F /* libPods-DaDaCook.a */ = {isa = PBXFileReference; explicitFileType = archive.ar; includeInIndex = 0; path = "libPods-DaDaCook.a"; sourceTree = BUILT_PRODUCTS_DIR; };
		1DB581D4C32753D811D929B6 /* Pods-DaDaCook.release.xcconfig */ = {isa = PBXFileReference; includeInIndex = 1; lastKnownFileType = text.xcconfig; name = "Pods-DaDaCook.release.xcconfig"; path = "Pods/Target Support Files/Pods-DaDaCook/Pods-DaDaCook.release.xcconfig"; sourceTree = "<group>"; };
		9B7843381D62EA0800F5A468 /* DaDaCook.app */ = {isa = PBXFileReference; explicitFileType = wrapper.application; includeInIndex = 0; path = DaDaCook.app; sourceTree = BUILT_PRODUCTS_DIR; };
		9B78433C1D62EA0800F5A468 /* main.m */ = {isa = PBXFileReference; lastKnownFileType = sourcecode.c.objc; path = main.m; sourceTree = "<group>"; };
		9B78433E1D62EA0800F5A468 /* AppDelegate.h */ = {isa = PBXFileReference; lastKnownFileType = sourcecode.c.h; path = AppDelegate.h; sourceTree = "<group>"; };
		9B78433F1D62EA0800F5A468 /* AppDelegate.m */ = {isa = PBXFileReference; lastKnownFileType = sourcecode.c.objc; path = AppDelegate.m; sourceTree = "<group>"; };
		9B7843451D62EA0800F5A468 /* Base */ = {isa = PBXFileReference; lastKnownFileType = file.storyboard; name = Base; path = Base.lproj/Main.storyboard; sourceTree = "<group>"; };
		9B7843471D62EA0800F5A468 /* Assets.xcassets */ = {isa = PBXFileReference; lastKnownFileType = folder.assetcatalog; name = Assets.xcassets; path = ../Assets.xcassets; sourceTree = "<group>"; };
		9B78434A1D62EA0800F5A468 /* Base */ = {isa = PBXFileReference; lastKnownFileType = file.storyboard; name = Base; path = Base.lproj/LaunchScreen.storyboard; sourceTree = "<group>"; };
		9B78434C1D62EA0800F5A468 /* Info.plist */ = {isa = PBXFileReference; lastKnownFileType = text.plist.xml; path = Info.plist; sourceTree = "<group>"; };
		9B7843711D62F5BB00F5A468 /* PrefixHeader.pch */ = {isa = PBXFileReference; lastKnownFileType = sourcecode.c.h; path = PrefixHeader.pch; sourceTree = "<group>"; };
		9B7843721D62F71700F5A468 /* NSObject+CrowParse.h */ = {isa = PBXFileReference; fileEncoding = 4; lastKnownFileType = sourcecode.c.h; path = "NSObject+CrowParse.h"; sourceTree = "<group>"; };
		9B7843731D62F71700F5A468 /* NSObject+CrowParse.m */ = {isa = PBXFileReference; fileEncoding = 4; lastKnownFileType = sourcecode.c.objc; path = "NSObject+CrowParse.m"; sourceTree = "<group>"; };
		9B7843751D62F89500F5A468 /* NSString+Crow.h */ = {isa = PBXFileReference; fileEncoding = 4; lastKnownFileType = sourcecode.c.h; path = "NSString+Crow.h"; sourceTree = "<group>"; };
		9B7843761D62F89500F5A468 /* NSString+Crow.m */ = {isa = PBXFileReference; fileEncoding = 4; lastKnownFileType = sourcecode.c.objc; path = "NSString+Crow.m"; sourceTree = "<group>"; };
		9B78437B1D62F9C500F5A468 /* UIButton+CrowImageTitleSpacing.h */ = {isa = PBXFileReference; fileEncoding = 4; lastKnownFileType = sourcecode.c.h; path = "UIButton+CrowImageTitleSpacing.h"; sourceTree = "<group>"; };
		9B78437C1D62F9C500F5A468 /* UIButton+CrowImageTitleSpacing.m */ = {isa = PBXFileReference; fileEncoding = 4; lastKnownFileType = sourcecode.c.objc; path = "UIButton+CrowImageTitleSpacing.m"; sourceTree = "<group>"; };
		9B78437E1D62FF3E00F5A468 /* UIScrollView+CrowRefresh.h */ = {isa = PBXFileReference; fileEncoding = 4; lastKnownFileType = sourcecode.c.h; path = "UIScrollView+CrowRefresh.h"; sourceTree = "<group>"; };
		9B78437F1D62FF3E00F5A468 /* UIScrollView+CrowRefresh.m */ = {isa = PBXFileReference; fileEncoding = 4; lastKnownFileType = sourcecode.c.objc; path = "UIScrollView+CrowRefresh.m"; sourceTree = "<group>"; };
		9B7843811D63019400F5A468 /* UIView+CrowMBProgressHUD.h */ = {isa = PBXFileReference; fileEncoding = 4; lastKnownFileType = sourcecode.c.h; path = "UIView+CrowMBProgressHUD.h"; sourceTree = "<group>"; };
		9B7843821D63019400F5A468 /* UIView+CrowMBProgressHUD.m */ = {isa = PBXFileReference; fileEncoding = 4; lastKnownFileType = sourcecode.c.objc; path = "UIView+CrowMBProgressHUD.m"; sourceTree = "<group>"; };
		9B7843841D6302E100F5A468 /* CrowBaseNetworking.h */ = {isa = PBXFileReference; fileEncoding = 4; lastKnownFileType = sourcecode.c.h; path = CrowBaseNetworking.h; sourceTree = "<group>"; };
		9B7843851D6302E100F5A468 /* CrowBaseNetworking.m */ = {isa = PBXFileReference; fileEncoding = 4; lastKnownFileType = sourcecode.c.objc; path = CrowBaseNetworking.m; sourceTree = "<group>"; };
		9B7843871D63096400F5A468 /* CrowNetManager.h */ = {isa = PBXFileReference; fileEncoding = 4; lastKnownFileType = sourcecode.c.h; path = CrowNetManager.h; sourceTree = "<group>"; };
		9B7843881D63096400F5A468 /* CrowNetManager.m */ = {isa = PBXFileReference; fileEncoding = 4; lastKnownFileType = sourcecode.c.objc; path = CrowNetManager.m; sourceTree = "<group>"; };
		9B7843B71D63121500F5A468 /* AppDelegate+Crow.h */ = {isa = PBXFileReference; fileEncoding = 4; lastKnownFileType = sourcecode.c.h; path = "AppDelegate+Crow.h"; sourceTree = "<group>"; };
		9B7843B81D63121500F5A468 /* AppDelegate+Crow.m */ = {isa = PBXFileReference; fileEncoding = 4; lastKnownFileType = sourcecode.c.objc; path = "AppDelegate+Crow.m"; sourceTree = "<group>"; };
		9B7A4EF11D6FDA1E008D0EBA /* Discover.storyboard */ = {isa = PBXFileReference; fileEncoding = 4; lastKnownFileType = file.storyboard; path = Discover.storyboard; sourceTree = "<group>"; };
		9B7A4EF21D6FDA1E008D0EBA /* HomePage.storyboard */ = {isa = PBXFileReference; fileEncoding = 4; lastKnownFileType = file.storyboard; path = HomePage.storyboard; sourceTree = "<group>"; };
		9B7A4EF31D6FDA1E008D0EBA /* Mine.storyboard */ = {isa = PBXFileReference; fileEncoding = 4; lastKnownFileType = file.storyboard; path = Mine.storyboard; sourceTree = "<group>"; };
		9B7A4F621D7028D8008D0EBA /* BaiduMapAPI_Base.framework */ = {isa = PBXFileReference; lastKnownFileType = wrapper.framework; path = BaiduMapAPI_Base.framework; sourceTree = "<group>"; };
		9B7A4F631D7028D8008D0EBA /* BaiduMapAPI_Cloud.framework */ = {isa = PBXFileReference; lastKnownFileType = wrapper.framework; path = BaiduMapAPI_Cloud.framework; sourceTree = "<group>"; };
		9B7A4F641D7028D8008D0EBA /* BaiduMapAPI_Location.framework */ = {isa = PBXFileReference; lastKnownFileType = wrapper.framework; path = BaiduMapAPI_Location.framework; sourceTree = "<group>"; };
		9B7A4F651D7028D8008D0EBA /* BaiduMapAPI_Map.framework */ = {isa = PBXFileReference; lastKnownFileType = wrapper.framework; path = BaiduMapAPI_Map.framework; sourceTree = "<group>"; };
		9B7A4F661D7028D8008D0EBA /* BaiduMapAPI_Radar.framework */ = {isa = PBXFileReference; lastKnownFileType = wrapper.framework; path = BaiduMapAPI_Radar.framework; sourceTree = "<group>"; };
		9B7A4F671D7028D8008D0EBA /* BaiduMapAPI_Search.framework */ = {isa = PBXFileReference; lastKnownFileType = wrapper.framework; path = BaiduMapAPI_Search.framework; sourceTree = "<group>"; };
		9B7A4F681D7028D8008D0EBA /* BaiduMapAPI_Utils.framework */ = {isa = PBXFileReference; lastKnownFileType = wrapper.framework; path = BaiduMapAPI_Utils.framework; sourceTree = "<group>"; };
		9B7A4F701D7028E5008D0EBA /* mapapi.bundle */ = {isa = PBXFileReference; lastKnownFileType = "wrapper.plug-in"; path = mapapi.bundle; sourceTree = "<group>"; };
		9B7A4F721D7029CE008D0EBA /* CoreLocation.framework */ = {isa = PBXFileReference; lastKnownFileType = wrapper.framework; name = CoreLocation.framework; path = System/Library/Frameworks/CoreLocation.framework; sourceTree = SDKROOT; };
		9B7A4F741D7029D6008D0EBA /* QuartzCore.framework */ = {isa = PBXFileReference; lastKnownFileType = wrapper.framework; name = QuartzCore.framework; path = System/Library/Frameworks/QuartzCore.framework; sourceTree = SDKROOT; };
		9B7A4F761D7029DE008D0EBA /* OpenGLES.framework */ = {isa = PBXFileReference; lastKnownFileType = wrapper.framework; name = OpenGLES.framework; path = System/Library/Frameworks/OpenGLES.framework; sourceTree = SDKROOT; };
		9B7A4F781D7029EA008D0EBA /* SystemConfiguration.framework */ = {isa = PBXFileReference; lastKnownFileType = wrapper.framework; name = SystemConfiguration.framework; path = System/Library/Frameworks/SystemConfiguration.framework; sourceTree = SDKROOT; };
		9B7A4F7A1D7029F6008D0EBA /* CoreGraphics.framework */ = {isa = PBXFileReference; lastKnownFileType = wrapper.framework; name = CoreGraphics.framework; path = System/Library/Frameworks/CoreGraphics.framework; sourceTree = SDKROOT; };
		9B7A4F7C1D7029FE008D0EBA /* Security.framework */ = {isa = PBXFileReference; lastKnownFileType = wrapper.framework; name = Security.framework; path = System/Library/Frameworks/Security.framework; sourceTree = SDKROOT; };
		9B7A4F7E1D702A06008D0EBA /* libsqlite3.0.tbd */ = {isa = PBXFileReference; lastKnownFileType = "sourcecode.text-based-dylib-definition"; name = libsqlite3.0.tbd; path = usr/lib/libsqlite3.0.tbd; sourceTree = SDKROOT; };
		9B7A4F801D702A10008D0EBA /* CoreTelephony.framework */ = {isa = PBXFileReference; lastKnownFileType = wrapper.framework; name = CoreTelephony.framework; path = System/Library/Frameworks/CoreTelephony.framework; sourceTree = SDKROOT; };
		9B7A4F821D702A18008D0EBA /* libstdc++.6.0.9.tbd */ = {isa = PBXFileReference; lastKnownFileType = "sourcecode.text-based-dylib-definition"; name = "libstdc++.6.0.9.tbd"; path = "usr/lib/libstdc++.6.0.9.tbd"; sourceTree = SDKROOT; };
		9B7A4F841D7036E4008D0EBA /* CrowKitchenMapViewController.h */ = {isa = PBXFileReference; fileEncoding = 4; lastKnownFileType = sourcecode.c.h; path = CrowKitchenMapViewController.h; sourceTree = "<group>"; };
		9B7A4F851D7036E4008D0EBA /* CrowKitchenMapViewController.m */ = {isa = PBXFileReference; fileEncoding = 4; lastKnownFileType = sourcecode.c.objc; path = CrowKitchenMapViewController.m; sourceTree = "<group>"; };
		9B7DA28A1D6A851B0048BDAE /* CrowBaseViewModel.h */ = {isa = PBXFileReference; fileEncoding = 4; lastKnownFileType = sourcecode.c.h; path = CrowBaseViewModel.h; sourceTree = "<group>"; };
		9B7DA28B1D6A851B0048BDAE /* CrowBaseViewModel.m */ = {isa = PBXFileReference; fileEncoding = 4; lastKnownFileType = sourcecode.c.objc; path = CrowBaseViewModel.m; sourceTree = "<group>"; };
		9B858EA11D6C482D006A8060 /* CrowMineViewController.h */ = {isa = PBXFileReference; fileEncoding = 4; lastKnownFileType = sourcecode.c.h; path = CrowMineViewController.h; sourceTree = "<group>"; };
		9B858EA21D6C482D006A8060 /* CrowMineViewController.m */ = {isa = PBXFileReference; fileEncoding = 4; lastKnownFileType = sourcecode.c.objc; path = CrowMineViewController.m; sourceTree = "<group>"; };
		9B858EA61D6C488A006A8060 /* CrowDiscoverModel.h */ = {isa = PBXFileReference; fileEncoding = 4; lastKnownFileType = sourcecode.c.h; path = CrowDiscoverModel.h; sourceTree = "<group>"; };
		9B858EA71D6C488A006A8060 /* CrowDiscoverModel.m */ = {isa = PBXFileReference; fileEncoding = 4; lastKnownFileType = sourcecode.c.objc; path = CrowDiscoverModel.m; sourceTree = "<group>"; };
		9B858EA91D6C488A006A8060 /* CrowDiscoverCell.h */ = {isa = PBXFileReference; fileEncoding = 4; lastKnownFileType = sourcecode.c.h; path = CrowDiscoverCell.h; sourceTree = "<group>"; };
		9B858EAA1D6C488A006A8060 /* CrowDiscoverCell.m */ = {isa = PBXFileReference; fileEncoding = 4; lastKnownFileType = sourcecode.c.objc; path = CrowDiscoverCell.m; sourceTree = "<group>"; };
		9B858EAB1D6C488A006A8060 /* CrowDiscoverCell.xib */ = {isa = PBXFileReference; fileEncoding = 4; lastKnownFileType = file.xib; path = CrowDiscoverCell.xib; sourceTree = "<group>"; };
		9B858EAD1D6C488A006A8060 /* CrowDiscoverTableViewController.h */ = {isa = PBXFileReference; fileEncoding = 4; lastKnownFileType = sourcecode.c.h; path = CrowDiscoverTableViewController.h; sourceTree = "<group>"; };
		9B858EAE1D6C488A006A8060 /* CrowDiscoverTableViewController.m */ = {isa = PBXFileReference; fileEncoding = 4; lastKnownFileType = sourcecode.c.objc; path = CrowDiscoverTableViewController.m; sourceTree = "<group>"; };
		9B858EB01D6C488A006A8060 /* CrowDiscoverViewModel.h */ = {isa = PBXFileReference; fileEncoding = 4; lastKnownFileType = sourcecode.c.h; path = CrowDiscoverViewModel.h; sourceTree = "<group>"; };
		9B858EB11D6C488A006A8060 /* CrowDiscoverViewModel.m */ = {isa = PBXFileReference; fileEncoding = 4; lastKnownFileType = sourcecode.c.objc; path = CrowDiscoverViewModel.m; sourceTree = "<group>"; };
		9B858EB91D6C4911006A8060 /* CrowHomePageCookerFirstDetailModel.h */ = {isa = PBXFileReference; fileEncoding = 4; lastKnownFileType = sourcecode.c.h; path = CrowHomePageCookerFirstDetailModel.h; sourceTree = "<group>"; };
		9B858EBA1D6C4911006A8060 /* CrowHomePageCookerFirstDetailModel.m */ = {isa = PBXFileReference; fileEncoding = 4; lastKnownFileType = sourcecode.c.objc; path = CrowHomePageCookerFirstDetailModel.m; sourceTree = "<group>"; };
		9B858EBB1D6C4911006A8060 /* CrowHomePageCookerFourthlyDetailModel.h */ = {isa = PBXFileReference; fileEncoding = 4; lastKnownFileType = sourcecode.c.h; path = CrowHomePageCookerFourthlyDetailModel.h; sourceTree = "<group>"; };
		9B858EBC1D6C4911006A8060 /* CrowHomePageCookerFourthlyDetailModel.m */ = {isa = PBXFileReference; fileEncoding = 4; lastKnownFileType = sourcecode.c.objc; path = CrowHomePageCookerFourthlyDetailModel.m; sourceTree = "<group>"; };
		9B858EBD1D6C4911006A8060 /* CrowHomePageCookerSecondDetailModel.h */ = {isa = PBXFileReference; fileEncoding = 4; lastKnownFileType = sourcecode.c.h; path = CrowHomePageCookerSecondDetailModel.h; sourceTree = "<group>"; };
		9B858EBE1D6C4911006A8060 /* CrowHomePageCookerSecondDetailModel.m */ = {isa = PBXFileReference; fileEncoding = 4; lastKnownFileType = sourcecode.c.objc; path = CrowHomePageCookerSecondDetailModel.m; sourceTree = "<group>"; };
		9B858EBF1D6C4911006A8060 /* CrowHomePageCookerThirdDetailModel.h */ = {isa = PBXFileReference; fileEncoding = 4; lastKnownFileType = sourcecode.c.h; path = CrowHomePageCookerThirdDetailModel.h; sourceTree = "<group>"; };
		9B858EC01D6C4911006A8060 /* CrowHomePageCookerThirdDetailModel.m */ = {isa = PBXFileReference; fileEncoding = 4; lastKnownFileType = sourcecode.c.objc; path = CrowHomePageCookerThirdDetailModel.m; sourceTree = "<group>"; };
		9B858EC11D6C4911006A8060 /* CrowHomePageActivtyModel.h */ = {isa = PBXFileReference; fileEncoding = 4; lastKnownFileType = sourcecode.c.h; path = CrowHomePageActivtyModel.h; sourceTree = "<group>"; };
		9B858EC21D6C4911006A8060 /* CrowHomePageActivtyModel.m */ = {isa = PBXFileReference; fileEncoding = 4; lastKnownFileType = sourcecode.c.objc; path = CrowHomePageActivtyModel.m; sourceTree = "<group>"; };
		9B858EC31D6C4911006A8060 /* CrowHomePageCookerModel.h */ = {isa = PBXFileReference; fileEncoding = 4; lastKnownFileType = sourcecode.c.h; path = CrowHomePageCookerModel.h; sourceTree = "<group>"; };
		9B858EC41D6C4911006A8060 /* CrowHomePageCookerModel.m */ = {isa = PBXFileReference; fileEncoding = 4; lastKnownFileType = sourcecode.c.objc; path = CrowHomePageCookerModel.m; sourceTree = "<group>"; };
		9B858EC51D6C4911006A8060 /* CrowHomePageHeaderModel.h */ = {isa = PBXFileReference; fileEncoding = 4; lastKnownFileType = sourcecode.c.h; path = CrowHomePageHeaderModel.h; sourceTree = "<group>"; };
		9B858EC61D6C4911006A8060 /* CrowHomePageHeaderModel.m */ = {isa = PBXFileReference; fileEncoding = 4; lastKnownFileType = sourcecode.c.objc; path = CrowHomePageHeaderModel.m; sourceTree = "<group>"; };
		9B858EC81D6C4911006A8060 /* CrowHomePageDetailCell.h */ = {isa = PBXFileReference; fileEncoding = 4; lastKnownFileType = sourcecode.c.h; path = CrowHomePageDetailCell.h; sourceTree = "<group>"; };
		9B858EC91D6C4911006A8060 /* CrowHomePageDetailCell.m */ = {isa = PBXFileReference; fileEncoding = 4; lastKnownFileType = sourcecode.c.objc; path = CrowHomePageDetailCell.m; sourceTree = "<group>"; };
		9B858ECA1D6C4911006A8060 /* CrowHomePageHeaderView.h */ = {isa = PBXFileReference; fileEncoding = 4; lastKnownFileType = sourcecode.c.h; path = CrowHomePageHeaderView.h; sourceTree = "<group>"; };
		9B858ECB1D6C4911006A8060 /* CrowHomePageHeaderView.m */ = {isa = PBXFileReference; fileEncoding = 4; lastKnownFileType = sourcecode.c.objc; path = CrowHomePageHeaderView.m; sourceTree = "<group>"; };
		9B858ECD1D6C4911006A8060 /* CrowHomePageViewController.h */ = {isa = PBXFileReference; fileEncoding = 4; lastKnownFileType = sourcecode.c.h; path = CrowHomePageViewController.h; sourceTree = "<group>"; };
		9B858ECE1D6C4911006A8060 /* CrowHomePageViewController.m */ = {isa = PBXFileReference; fileEncoding = 4; lastKnownFileType = sourcecode.c.objc; path = CrowHomePageViewController.m; sourceTree = "<group>"; };
		9B858ED01D6C4911006A8060 /* CrowHomePageViewModel.h */ = {isa = PBXFileReference; fileEncoding = 4; lastKnownFileType = sourcecode.c.h; path = CrowHomePageViewModel.h; sourceTree = "<group>"; };
		9B858ED11D6C4911006A8060 /* CrowHomePageViewModel.m */ = {isa = PBXFileReference; fileEncoding = 4; lastKnownFileType = sourcecode.c.objc; path = CrowHomePageViewModel.m; sourceTree = "<group>"; };
		9BA5359C1D6D82D5006D7E09 /* CrowCookerDetailViewController.h */ = {isa = PBXFileReference; fileEncoding = 4; lastKnownFileType = sourcecode.c.h; path = CrowCookerDetailViewController.h; sourceTree = "<group>"; };
		9BA5359D1D6D82D5006D7E09 /* CrowCookerDetailViewController.m */ = {isa = PBXFileReference; fileEncoding = 4; lastKnownFileType = sourcecode.c.objc; path = CrowCookerDetailViewController.m; sourceTree = "<group>"; };
		9BA535A01D6D82F0006D7E09 /* CrowCookerDetailViewModel.h */ = {isa = PBXFileReference; fileEncoding = 4; lastKnownFileType = sourcecode.c.h; path = CrowCookerDetailViewModel.h; sourceTree = "<group>"; };
		9BA535A11D6D82F0006D7E09 /* CrowCookerDetailViewModel.m */ = {isa = PBXFileReference; fileEncoding = 4; lastKnownFileType = sourcecode.c.objc; path = CrowCookerDetailViewModel.m; sourceTree = "<group>"; };
		9BA535A31D6D8B5B006D7E09 /* CrowCookerDetailCell.h */ = {isa = PBXFileReference; fileEncoding = 4; lastKnownFileType = sourcecode.c.h; path = CrowCookerDetailCell.h; sourceTree = "<group>"; };
		9BA535A41D6D8B5B006D7E09 /* CrowCookerDetailCell.m */ = {isa = PBXFileReference; fileEncoding = 4; lastKnownFileType = sourcecode.c.objc; path = CrowCookerDetailCell.m; sourceTree = "<group>"; };
		9BA535A61D6D8DCC006D7E09 /* CrowCookerAuthInfoCell.h */ = {isa = PBXFileReference; fileEncoding = 4; lastKnownFileType = sourcecode.c.h; path = CrowCookerAuthInfoCell.h; sourceTree = "<group>"; };
		9BA535A71D6D8DCC006D7E09 /* CrowCookerAuthInfoCell.m */ = {isa = PBXFileReference; fileEncoding = 4; lastKnownFileType = sourcecode.c.objc; path = CrowCookerAuthInfoCell.m; sourceTree = "<group>"; };
		9BA535A91D6DBBB9006D7E09 /* CrowCookerCommentCell.h */ = {isa = PBXFileReference; fileEncoding = 4; lastKnownFileType = sourcecode.c.h; path = CrowCookerCommentCell.h; sourceTree = "<group>"; };
		9BA535AA1D6DBBB9006D7E09 /* CrowCookerCommentCell.m */ = {isa = PBXFileReference; fileEncoding = 4; lastKnownFileType = sourcecode.c.objc; path = CrowCookerCommentCell.m; sourceTree = "<group>"; };
		9BA535AC1D6DBC07006D7E09 /* CrowCookerAddressCell.h */ = {isa = PBXFileReference; fileEncoding = 4; lastKnownFileType = sourcecode.c.h; path = CrowCookerAddressCell.h; sourceTree = "<group>"; };
		9BA535AD1D6DBC07006D7E09 /* CrowCookerAddressCell.m */ = {isa = PBXFileReference; fileEncoding = 4; lastKnownFileType = sourcecode.c.objc; path = CrowCookerAddressCell.m; sourceTree = "<group>"; };
		9BA535AF1D6DBE30006D7E09 /* CrowCookerFoodCell.h */ = {isa = PBXFileReference; fileEncoding = 4; lastKnownFileType = sourcecode.c.h; path = CrowCookerFoodCell.h; sourceTree = "<group>"; };
		9BA535B01D6DBE30006D7E09 /* CrowCookerFoodCell.m */ = {isa = PBXFileReference; fileEncoding = 4; lastKnownFileType = sourcecode.c.objc; path = CrowCookerFoodCell.m; sourceTree = "<group>"; };
		9BA535B21D6DBE49006D7E09 /* CrowCookerOtherFoodCell.h */ = {isa = PBXFileReference; fileEncoding = 4; lastKnownFileType = sourcecode.c.h; path = CrowCookerOtherFoodCell.h; sourceTree = "<group>"; };
		9BA535B31D6DBE49006D7E09 /* CrowCookerOtherFoodCell.m */ = {isa = PBXFileReference; fileEncoding = 4; lastKnownFileType = sourcecode.c.objc; path = CrowCookerOtherFoodCell.m; sourceTree = "<group>"; };
		9BB0DDA51D670CC600DC767D /* zh-Hans */ = {isa = PBXFileReference; lastKnownFileType = text.plist.strings; name = "zh-Hans"; path = "zh-Hans.lproj/Main.strings"; sourceTree = "<group>"; };
		9BB0DDA61D670CC600DC767D /* zh-Hans */ = {isa = PBXFileReference; lastKnownFileType = text.plist.strings; name = "zh-Hans"; path = "zh-Hans.lproj/LaunchScreen.strings"; sourceTree = "<group>"; };
		9BB0DDAA1D670D1F00DC767D /* Base */ = {isa = PBXFileReference; lastKnownFileType = text.plist.strings; name = Base; path = Base.lproj/InfoPlist.strings; sourceTree = "<group>"; };
		9BB0DDAC1D670D2000DC767D /* en */ = {isa = PBXFileReference; lastKnownFileType = text.plist.strings; name = en; path = en.lproj/InfoPlist.strings; sourceTree = "<group>"; };
		9BB0DDAD1D670D2100DC767D /* zh-Hans */ = {isa = PBXFileReference; lastKnownFileType = text.plist.strings; name = "zh-Hans"; path = "zh-Hans.lproj/InfoPlist.strings"; sourceTree = "<group>"; };
		9BD035391D643ACE00BFC90B /* CrowMainTabBarViewController.h */ = {isa = PBXFileReference; fileEncoding = 4; lastKnownFileType = sourcecode.c.h; path = CrowMainTabBarViewController.h; sourceTree = "<group>"; };
		9BD0353A1D643ACE00BFC90B /* CrowMainTabBarViewController.mm */ = {isa = PBXFileReference; fileEncoding = 4; lastKnownFileType = sourcecode.cpp.objcpp; path = CrowMainTabBarViewController.mm; sourceTree = "<group>"; };
		9BD7DE121D631BBE001E3088 /* Constans.h */ = {isa = PBXFileReference; lastKnownFileType = sourcecode.c.h; path = Constans.h; sourceTree = "<group>"; };
		9BD7DE131D6327A0001E3088 /* RequestPath.h */ = {isa = PBXFileReference; lastKnownFileType = sourcecode.c.h; path = RequestPath.h; sourceTree = "<group>"; };
		C371663D6B1A633454B6CDB4 /* Pods-DaDaCook.debug.xcconfig */ = {isa = PBXFileReference; includeInIndex = 1; lastKnownFileType = text.xcconfig; name = "Pods-DaDaCook.debug.xcconfig"; path = "Pods/Target Support Files/Pods-DaDaCook/Pods-DaDaCook.debug.xcconfig"; sourceTree = "<group>"; };
/* End PBXFileReference section */

/* Begin PBXFrameworksBuildPhase section */
		9B7843351D62EA0800F5A468 /* Frameworks */ = {
			isa = PBXFrameworksBuildPhase;
			buildActionMask = 2147483647;
			files = (
				9B7A4F831D702A18008D0EBA /* libstdc++.6.0.9.tbd in Frameworks */,
				9B7A4F811D702A10008D0EBA /* CoreTelephony.framework in Frameworks */,
				9B7A4F7F1D702A06008D0EBA /* libsqlite3.0.tbd in Frameworks */,
				9B7A4F7D1D7029FE008D0EBA /* Security.framework in Frameworks */,
				9B7A4F7B1D7029F6008D0EBA /* CoreGraphics.framework in Frameworks */,
				9B7A4F791D7029EA008D0EBA /* SystemConfiguration.framework in Frameworks */,
				9B7A4F771D7029DE008D0EBA /* OpenGLES.framework in Frameworks */,
				9B7A4F751D7029D6008D0EBA /* QuartzCore.framework in Frameworks */,
				9B7A4F731D7029CE008D0EBA /* CoreLocation.framework in Frameworks */,
				044D3F3C68BEEBDEDDB01BF7 /* libPods-DaDaCook.a in Frameworks */,
				9B7A4F6D1D7028D8008D0EBA /* BaiduMapAPI_Radar.framework in Frameworks */,
				9B7A4F691D7028D8008D0EBA /* BaiduMapAPI_Base.framework in Frameworks */,
				9B7A4F6A1D7028D8008D0EBA /* BaiduMapAPI_Cloud.framework in Frameworks */,
				9B7A4F6F1D7028D8008D0EBA /* BaiduMapAPI_Utils.framework in Frameworks */,
				9B7A4F6C1D7028D8008D0EBA /* BaiduMapAPI_Map.framework in Frameworks */,
				9B7A4F6B1D7028D8008D0EBA /* BaiduMapAPI_Location.framework in Frameworks */,
				9B7A4F6E1D7028D8008D0EBA /* BaiduMapAPI_Search.framework in Frameworks */,
			);
			runOnlyForDeploymentPostprocessing = 0;
		};
/* End PBXFrameworksBuildPhase section */

/* Begin PBXGroup section */
		37E0073FA0F1F42FEAF8F106 /* Pods */ = {
			isa = PBXGroup;
			children = (
				C371663D6B1A633454B6CDB4 /* Pods-DaDaCook.debug.xcconfig */,
				1DB581D4C32753D811D929B6 /* Pods-DaDaCook.release.xcconfig */,
			);
			name = Pods;
			sourceTree = "<group>";
		};
		8B54EA249CE0FF9B951DB26A /* Frameworks */ = {
			isa = PBXGroup;
			children = (
				9B7A4F821D702A18008D0EBA /* libstdc++.6.0.9.tbd */,
				9B7A4F801D702A10008D0EBA /* CoreTelephony.framework */,
				9B7A4F7E1D702A06008D0EBA /* libsqlite3.0.tbd */,
				9B7A4F7C1D7029FE008D0EBA /* Security.framework */,
				9B7A4F7A1D7029F6008D0EBA /* CoreGraphics.framework */,
				9B7A4F781D7029EA008D0EBA /* SystemConfiguration.framework */,
				9B7A4F761D7029DE008D0EBA /* OpenGLES.framework */,
				9B7A4F741D7029D6008D0EBA /* QuartzCore.framework */,
				9B7A4F721D7029CE008D0EBA /* CoreLocation.framework */,
				1CEDAD6F36C7EBFE68B8FB2F /* libPods-DaDaCook.a */,
			);
			name = Frameworks;
			sourceTree = "<group>";
		};
		9B7488E51D6D3014003B3771 /* CookerDetail */ = {
			isa = PBXGroup;
			children = (
				9BA535A31D6D8B5B006D7E09 /* CrowCookerDetailCell.h */,
				9BA535A41D6D8B5B006D7E09 /* CrowCookerDetailCell.m */,
				9BA535A61D6D8DCC006D7E09 /* CrowCookerAuthInfoCell.h */,
				9BA535A71D6D8DCC006D7E09 /* CrowCookerAuthInfoCell.m */,
				9BA535A91D6DBBB9006D7E09 /* CrowCookerCommentCell.h */,
				9BA535AA1D6DBBB9006D7E09 /* CrowCookerCommentCell.m */,
				9BA535AC1D6DBC07006D7E09 /* CrowCookerAddressCell.h */,
				9BA535AD1D6DBC07006D7E09 /* CrowCookerAddressCell.m */,
				9BA535AF1D6DBE30006D7E09 /* CrowCookerFoodCell.h */,
				9BA535B01D6DBE30006D7E09 /* CrowCookerFoodCell.m */,
				9BA535B21D6DBE49006D7E09 /* CrowCookerOtherFoodCell.h */,
				9BA535B31D6DBE49006D7E09 /* CrowCookerOtherFoodCell.m */,
			);
			path = CookerDetail;
			sourceTree = "<group>";
		};
		9B78432F1D62EA0800F5A468 = {
			isa = PBXGroup;
			children = (
				9B78433A1D62EA0800F5A468 /* DaDaCook */,
				9B7843391D62EA0800F5A468 /* Products */,
				37E0073FA0F1F42FEAF8F106 /* Pods */,
				8B54EA249CE0FF9B951DB26A /* Frameworks */,
			);
			sourceTree = "<group>";
		};
		9B7843391D62EA0800F5A468 /* Products */ = {
			isa = PBXGroup;
			children = (
				9B7843381D62EA0800F5A468 /* DaDaCook.app */,
			);
			name = Products;
			sourceTree = "<group>";
		};
		9B78433A1D62EA0800F5A468 /* DaDaCook */ = {
			isa = PBXGroup;
			children = (
				9B78433E1D62EA0800F5A468 /* AppDelegate.h */,
				9B78433F1D62EA0800F5A468 /* AppDelegate.m */,
				9B7843521D62EBCE00F5A468 /* Application */,
				9B7843561D62EBCE00F5A468 /* Category */,
				9B7843571D62EBCE00F5A468 /* Define */,
				9B7843581D62EBCE00F5A468 /* NetManager */,
				9B7843591D62EBCE00F5A468 /* Resource */,
				9B7A4F611D7025CC008D0EBA /* SDK */,
				9B7DA2891D6A851B0048BDAE /* Tool */,
				9B78435B1D62EBCE00F5A468 /* Vendor */,
				9B78433B1D62EA0800F5A468 /* Supporting Files */,
			);
			path = DaDaCook;
			sourceTree = "<group>";
		};
		9B78433B1D62EA0800F5A468 /* Supporting Files */ = {
			isa = PBXGroup;
			children = (
				9B78434C1D62EA0800F5A468 /* Info.plist */,
				9B78433C1D62EA0800F5A468 /* main.m */,
				9B7843711D62F5BB00F5A468 /* PrefixHeader.pch */,
			);
			name = "Supporting Files";
			sourceTree = "<group>";
		};
		9B7843521D62EBCE00F5A468 /* Application */ = {
			isa = PBXGroup;
			children = (
				9B7843A21D630AFA00F5A468 /* HomePage */,
				9B7843531D62EBCE00F5A468 /* Discover */,
				9B7843551D62EBCE00F5A468 /* Mine */,
				9BD035391D643ACE00BFC90B /* CrowMainTabBarViewController.h */,
				9BD0353A1D643ACE00BFC90B /* CrowMainTabBarViewController.mm */,
			);
			path = Application;
			sourceTree = "<group>";
		};
		9B7843531D62EBCE00F5A468 /* Discover */ = {
			isa = PBXGroup;
			children = (
				9B858EA51D6C488A006A8060 /* Model */,
				9B858EAF1D6C488A006A8060 /* ViewModel */,
				9B858EA81D6C488A006A8060 /* View */,
				9B858EAC1D6C488A006A8060 /* ViewController */,
			);
			path = Discover;
			sourceTree = "<group>";
		};
		9B7843551D62EBCE00F5A468 /* Mine */ = {
			isa = PBXGroup;
			children = (
				9B858E9E1D6C482D006A8060 /* Model */,
				9B858EA31D6C482D006A8060 /* ViewModel */,
				9B858E9F1D6C482D006A8060 /* View */,
				9B858EA01D6C482D006A8060 /* ViewController */,
			);
			path = Mine;
			sourceTree = "<group>";
		};
		9B7843561D62EBCE00F5A468 /* Category */ = {
			isa = PBXGroup;
			children = (
				9B7843B71D63121500F5A468 /* AppDelegate+Crow.h */,
				9B7843B81D63121500F5A468 /* AppDelegate+Crow.m */,
				9B7843721D62F71700F5A468 /* NSObject+CrowParse.h */,
				9B7843731D62F71700F5A468 /* NSObject+CrowParse.m */,
				9B7843751D62F89500F5A468 /* NSString+Crow.h */,
				9B7843761D62F89500F5A468 /* NSString+Crow.m */,
				9B78437B1D62F9C500F5A468 /* UIButton+CrowImageTitleSpacing.h */,
				9B78437C1D62F9C500F5A468 /* UIButton+CrowImageTitleSpacing.m */,
				9B78437E1D62FF3E00F5A468 /* UIScrollView+CrowRefresh.h */,
				9B78437F1D62FF3E00F5A468 /* UIScrollView+CrowRefresh.m */,
				9B7843811D63019400F5A468 /* UIView+CrowMBProgressHUD.h */,
				9B7843821D63019400F5A468 /* UIView+CrowMBProgressHUD.m */,
			);
			path = Category;
			sourceTree = "<group>";
		};
		9B7843571D62EBCE00F5A468 /* Define */ = {
			isa = PBXGroup;
			children = (
				9BD7DE121D631BBE001E3088 /* Constans.h */,
				9BD7DE131D6327A0001E3088 /* RequestPath.h */,
			);
			path = Define;
			sourceTree = "<group>";
		};
		9B7843581D62EBCE00F5A468 /* NetManager */ = {
			isa = PBXGroup;
			children = (
				9B7843841D6302E100F5A468 /* CrowBaseNetworking.h */,
				9B7843851D6302E100F5A468 /* CrowBaseNetworking.m */,
				9B7843871D63096400F5A468 /* CrowNetManager.h */,
				9B7843881D63096400F5A468 /* CrowNetManager.m */,
			);
			path = NetManager;
			sourceTree = "<group>";
		};
		9B7843591D62EBCE00F5A468 /* Resource */ = {
			isa = PBXGroup;
			children = (
				9B7A4EF21D6FDA1E008D0EBA /* HomePage.storyboard */,
				9B7A4EF11D6FDA1E008D0EBA /* Discover.storyboard */,
				9B7A4EF31D6FDA1E008D0EBA /* Mine.storyboard */,
				9B7843441D62EA0800F5A468 /* Main.storyboard */,
				9B7843471D62EA0800F5A468 /* Assets.xcassets */,
				9B7843491D62EA0800F5A468 /* LaunchScreen.storyboard */,
				9BB0DDAB1D670D1F00DC767D /* InfoPlist.strings */,
			);
			path = Resource;
			sourceTree = "<group>";
		};
		9B78435B1D62EBCE00F5A468 /* Vendor */ = {
			isa = PBXGroup;
			children = (
			);
			path = Vendor;
			sourceTree = "<group>";
		};
		9B7843A21D630AFA00F5A468 /* HomePage */ = {
			isa = PBXGroup;
			children = (
				9B858EB71D6C4911006A8060 /* Model */,
				9B858ECF1D6C4911006A8060 /* ViewModel */,
				9B858EC71D6C4911006A8060 /* View */,
				9B858ECC1D6C4911006A8060 /* ViewController */,
			);
			path = HomePage;
			sourceTree = "<group>";
		};
		9B7A4F611D7025CC008D0EBA /* SDK */ = {
			isa = PBXGroup;
			children = (
				9B7A4F701D7028E5008D0EBA /* mapapi.bundle */,
				9B7A4F621D7028D8008D0EBA /* BaiduMapAPI_Base.framework */,
				9B7A4F631D7028D8008D0EBA /* BaiduMapAPI_Cloud.framework */,
				9B7A4F641D7028D8008D0EBA /* BaiduMapAPI_Location.framework */,
				9B7A4F651D7028D8008D0EBA /* BaiduMapAPI_Map.framework */,
				9B7A4F661D7028D8008D0EBA /* BaiduMapAPI_Radar.framework */,
				9B7A4F671D7028D8008D0EBA /* BaiduMapAPI_Search.framework */,
				9B7A4F681D7028D8008D0EBA /* BaiduMapAPI_Utils.framework */,
			);
			path = SDK;
			sourceTree = "<group>";
		};
		9B7DA2891D6A851B0048BDAE /* Tool */ = {
			isa = PBXGroup;
			children = (
				9B7DA28A1D6A851B0048BDAE /* CrowBaseViewModel.h */,
				9B7DA28B1D6A851B0048BDAE /* CrowBaseViewModel.m */,
			);
			path = Tool;
			sourceTree = "<group>";
		};
		9B858E9E1D6C482D006A8060 /* Model */ = {
			isa = PBXGroup;
			children = (
			);
			path = Model;
			sourceTree = "<group>";
		};
		9B858E9F1D6C482D006A8060 /* View */ = {
			isa = PBXGroup;
			children = (
			);
			path = View;
			sourceTree = "<group>";
		};
		9B858EA01D6C482D006A8060 /* ViewController */ = {
			isa = PBXGroup;
			children = (
				9B858EA11D6C482D006A8060 /* CrowMineViewController.h */,
				9B858EA21D6C482D006A8060 /* CrowMineViewController.m */,
			);
			path = ViewController;
			sourceTree = "<group>";
		};
		9B858EA31D6C482D006A8060 /* ViewModel */ = {
			isa = PBXGroup;
			children = (
			);
			path = ViewModel;
			sourceTree = "<group>";
		};
		9B858EA51D6C488A006A8060 /* Model */ = {
			isa = PBXGroup;
			children = (
				9B858EA61D6C488A006A8060 /* CrowDiscoverModel.h */,
				9B858EA71D6C488A006A8060 /* CrowDiscoverModel.m */,
			);
			path = Model;
			sourceTree = "<group>";
		};
		9B858EA81D6C488A006A8060 /* View */ = {
			isa = PBXGroup;
			children = (
				9B858EA91D6C488A006A8060 /* CrowDiscoverCell.h */,
				9B858EAA1D6C488A006A8060 /* CrowDiscoverCell.m */,
				9B858EAB1D6C488A006A8060 /* CrowDiscoverCell.xib */,
			);
			path = View;
			sourceTree = "<group>";
		};
		9B858EAC1D6C488A006A8060 /* ViewController */ = {
			isa = PBXGroup;
			children = (
				9B858EAD1D6C488A006A8060 /* CrowDiscoverTableViewController.h */,
				9B858EAE1D6C488A006A8060 /* CrowDiscoverTableViewController.m */,
			);
			path = ViewController;
			sourceTree = "<group>";
		};
		9B858EAF1D6C488A006A8060 /* ViewModel */ = {
			isa = PBXGroup;
			children = (
				9B858EB01D6C488A006A8060 /* CrowDiscoverViewModel.h */,
				9B858EB11D6C488A006A8060 /* CrowDiscoverViewModel.m */,
			);
			path = ViewModel;
			sourceTree = "<group>";
		};
		9B858EB71D6C4911006A8060 /* Model */ = {
			isa = PBXGroup;
			children = (
				9B858EC51D6C4911006A8060 /* CrowHomePageHeaderModel.h */,
				9B858EC61D6C4911006A8060 /* CrowHomePageHeaderModel.m */,
				9B858EC11D6C4911006A8060 /* CrowHomePageActivtyModel.h */,
				9B858EC21D6C4911006A8060 /* CrowHomePageActivtyModel.m */,
				9B858EC31D6C4911006A8060 /* CrowHomePageCookerModel.h */,
				9B858EC41D6C4911006A8060 /* CrowHomePageCookerModel.m */,
				9B858EB81D6C4911006A8060 /* CookerDetail */,
			);
			path = Model;
			sourceTree = "<group>";
		};
		9B858EB81D6C4911006A8060 /* CookerDetail */ = {
			isa = PBXGroup;
			children = (
				9B858EB91D6C4911006A8060 /* CrowHomePageCookerFirstDetailModel.h */,
				9B858EBA1D6C4911006A8060 /* CrowHomePageCookerFirstDetailModel.m */,
				9B858EBB1D6C4911006A8060 /* CrowHomePageCookerFourthlyDetailModel.h */,
				9B858EBC1D6C4911006A8060 /* CrowHomePageCookerFourthlyDetailModel.m */,
				9B858EBD1D6C4911006A8060 /* CrowHomePageCookerSecondDetailModel.h */,
				9B858EBE1D6C4911006A8060 /* CrowHomePageCookerSecondDetailModel.m */,
				9B858EBF1D6C4911006A8060 /* CrowHomePageCookerThirdDetailModel.h */,
				9B858EC01D6C4911006A8060 /* CrowHomePageCookerThirdDetailModel.m */,
			);
			path = CookerDetail;
			sourceTree = "<group>";
		};
		9B858EC71D6C4911006A8060 /* View */ = {
			isa = PBXGroup;
			children = (
				9B858ECA1D6C4911006A8060 /* CrowHomePageHeaderView.h */,
				9B858ECB1D6C4911006A8060 /* CrowHomePageHeaderView.m */,
				9B858EC81D6C4911006A8060 /* CrowHomePageDetailCell.h */,
				9B858EC91D6C4911006A8060 /* CrowHomePageDetailCell.m */,
				9B7488E51D6D3014003B3771 /* CookerDetail */,
			);
			path = View;
			sourceTree = "<group>";
		};
		9B858ECC1D6C4911006A8060 /* ViewController */ = {
			isa = PBXGroup;
			children = (
				9B858ECD1D6C4911006A8060 /* CrowHomePageViewController.h */,
				9B858ECE1D6C4911006A8060 /* CrowHomePageViewController.m */,
				9BA5359B1D6D82D5006D7E09 /* CookerDetail */,
			);
			path = ViewController;
			sourceTree = "<group>";
		};
		9B858ECF1D6C4911006A8060 /* ViewModel */ = {
			isa = PBXGroup;
			children = (
				9B858ED01D6C4911006A8060 /* CrowHomePageViewModel.h */,
				9B858ED11D6C4911006A8060 /* CrowHomePageViewModel.m */,
				9BA5359F1D6D82F0006D7E09 /* CookerDetail */,
			);
			path = ViewModel;
			sourceTree = "<group>";
		};
		9BA5359B1D6D82D5006D7E09 /* CookerDetail */ = {
			isa = PBXGroup;
			children = (
				9BA5359C1D6D82D5006D7E09 /* CrowCookerDetailViewController.h */,
				9BA5359D1D6D82D5006D7E09 /* CrowCookerDetailViewController.m */,
				9B7A4F841D7036E4008D0EBA /* CrowKitchenMapViewController.h */,
				9B7A4F851D7036E4008D0EBA /* CrowKitchenMapViewController.m */,
			);
			path = CookerDetail;
			sourceTree = "<group>";
		};
		9BA5359F1D6D82F0006D7E09 /* CookerDetail */ = {
			isa = PBXGroup;
			children = (
				9BA535A01D6D82F0006D7E09 /* CrowCookerDetailViewModel.h */,
				9BA535A11D6D82F0006D7E09 /* CrowCookerDetailViewModel.m */,
			);
			path = CookerDetail;
			sourceTree = "<group>";
		};
/* End PBXGroup section */

/* Begin PBXNativeTarget section */
		9B7843371D62EA0800F5A468 /* DaDaCook */ = {
			isa = PBXNativeTarget;
			buildConfigurationList = 9B78434F1D62EA0800F5A468 /* Build configuration list for PBXNativeTarget "DaDaCook" */;
			buildPhases = (
				E722A6EC7D5F7261C1BA2697 /* [CP] Check Pods Manifest.lock */,
				9B7843341D62EA0800F5A468 /* Sources */,
				9B7843351D62EA0800F5A468 /* Frameworks */,
				9B7843361D62EA0800F5A468 /* Resources */,
				E6F9E720CFBCB4DAC2B53494 /* [CP] Embed Pods Frameworks */,
				A613181545F6073481BB1476 /* [CP] Copy Pods Resources */,
			);
			buildRules = (
			);
			dependencies = (
			);
			name = DaDaCook;
			productName = DaDaCook;
			productReference = 9B7843381D62EA0800F5A468 /* DaDaCook.app */;
			productType = "com.apple.product-type.application";
		};
/* End PBXNativeTarget section */

/* Begin PBXProject section */
		9B7843301D62EA0800F5A468 /* Project object */ = {
			isa = PBXProject;
			attributes = {
				CLASSPREFIX = Crow;
				LastUpgradeCheck = 0710;
				ORGANIZATIONNAME = Wayne;
				TargetAttributes = {
					9B7843371D62EA0800F5A468 = {
						CreatedOnToolsVersion = 7.1;
					};
				};
			};
			buildConfigurationList = 9B7843331D62EA0800F5A468 /* Build configuration list for PBXProject "DaDaCook" */;
			compatibilityVersion = "Xcode 3.2";
			developmentRegion = English;
			hasScannedForEncodings = 0;
			knownRegions = (
				en,
				Base,
				"zh-Hans",
			);
			mainGroup = 9B78432F1D62EA0800F5A468;
			productRefGroup = 9B7843391D62EA0800F5A468 /* Products */;
			projectDirPath = "";
			projectRoot = "";
			targets = (
				9B7843371D62EA0800F5A468 /* DaDaCook */,
			);
		};
/* End PBXProject section */

/* Begin PBXResourcesBuildPhase section */
		9B7843361D62EA0800F5A468 /* Resources */ = {
			isa = PBXResourcesBuildPhase;
			buildActionMask = 2147483647;
			files = (
				9B7A4EF61D6FDA1E008D0EBA /* Mine.storyboard in Resources */,
				9B7A4EF51D6FDA1E008D0EBA /* HomePage.storyboard in Resources */,
				9B78434B1D62EA0800F5A468 /* LaunchScreen.storyboard in Resources */,
				9B7A4F711D7028E5008D0EBA /* mapapi.bundle in Resources */,
				9BB0DDA91D670D1F00DC767D /* InfoPlist.strings in Resources */,
				9B7843481D62EA0800F5A468 /* Assets.xcassets in Resources */,
				9B7843461D62EA0800F5A468 /* Main.storyboard in Resources */,
				9B858EB41D6C488A006A8060 /* CrowDiscoverCell.xib in Resources */,
				9B7A4EF41D6FDA1E008D0EBA /* Discover.storyboard in Resources */,
			);
			runOnlyForDeploymentPostprocessing = 0;
		};
/* End PBXResourcesBuildPhase section */

/* Begin PBXShellScriptBuildPhase section */
		A613181545F6073481BB1476 /* [CP] Copy Pods Resources */ = {
			isa = PBXShellScriptBuildPhase;
			buildActionMask = 2147483647;
			files = (
			);
			inputPaths = (
			);
			name = "[CP] Copy Pods Resources";
			outputPaths = (
			);
			runOnlyForDeploymentPostprocessing = 0;
			shellPath = /bin/sh;
			shellScript = "\"${SRCROOT}/Pods/Target Support Files/Pods-DaDaCook/Pods-DaDaCook-resources.sh\"\n";
			showEnvVarsInLog = 0;
		};
		E6F9E720CFBCB4DAC2B53494 /* [CP] Embed Pods Frameworks */ = {
			isa = PBXShellScriptBuildPhase;
			buildActionMask = 2147483647;
			files = (
			);
			inputPaths = (
			);
			name = "[CP] Embed Pods Frameworks";
			outputPaths = (
			);
			runOnlyForDeploymentPostprocessing = 0;
			shellPath = /bin/sh;
			shellScript = "\"${SRCROOT}/Pods/Target Support Files/Pods-DaDaCook/Pods-DaDaCook-frameworks.sh\"\n";
			showEnvVarsInLog = 0;
		};
		E722A6EC7D5F7261C1BA2697 /* [CP] Check Pods Manifest.lock */ = {
			isa = PBXShellScriptBuildPhase;
			buildActionMask = 2147483647;
			files = (
			);
			inputPaths = (
			);
			name = "[CP] Check Pods Manifest.lock";
			outputPaths = (
			);
			runOnlyForDeploymentPostprocessing = 0;
			shellPath = /bin/sh;
			shellScript = "diff \"${PODS_ROOT}/../Podfile.lock\" \"${PODS_ROOT}/Manifest.lock\" > /dev/null\nif [[ $? != 0 ]] ; then\n    cat << EOM\nerror: The sandbox is not in sync with the Podfile.lock. Run 'pod install' or update your CocoaPods installation.\nEOM\n    exit 1\nfi\n";
			showEnvVarsInLog = 0;
		};
/* End PBXShellScriptBuildPhase section */

/* Begin PBXSourcesBuildPhase section */
		9B7843341D62EA0800F5A468 /* Sources */ = {
			isa = PBXSourcesBuildPhase;
			buildActionMask = 2147483647;
			files = (
				9B858ED61D6C4911006A8060 /* CrowHomePageActivtyModel.m in Sources */,
				9B7843741D62F71700F5A468 /* NSObject+CrowParse.m in Sources */,
				9BA535B11D6DBE30006D7E09 /* CrowCookerFoodCell.m in Sources */,
				9BA5359E1D6D82D5006D7E09 /* CrowCookerDetailViewController.m in Sources */,
				9B7843B91D63121500F5A468 /* AppDelegate+Crow.m in Sources */,
				9B858ED21D6C4911006A8060 /* CrowHomePageCookerFirstDetailModel.m in Sources */,
				9B858ED31D6C4911006A8060 /* CrowHomePageCookerFourthlyDetailModel.m in Sources */,
				9B858EDA1D6C4911006A8060 /* CrowHomePageHeaderView.m in Sources */,
				9B7843831D63019400F5A468 /* UIView+CrowMBProgressHUD.m in Sources */,
				9B858EB61D6C488A006A8060 /* CrowDiscoverViewModel.m in Sources */,
				9B858EB51D6C488A006A8060 /* CrowDiscoverTableViewController.m in Sources */,
				9B7843861D6302E100F5A468 /* CrowBaseNetworking.m in Sources */,
				9B858ED51D6C4911006A8060 /* CrowHomePageCookerThirdDetailModel.m in Sources */,
				9B7A4F861D7036E4008D0EBA /* CrowKitchenMapViewController.m in Sources */,
				9B858EB21D6C488A006A8060 /* CrowDiscoverModel.m in Sources */,
				9B858EB31D6C488A006A8060 /* CrowDiscoverCell.m in Sources */,
				9BA535AE1D6DBC07006D7E09 /* CrowCookerAddressCell.m in Sources */,
				9BA535B41D6DBE49006D7E09 /* CrowCookerOtherFoodCell.m in Sources */,
				9B78437D1D62F9C500F5A468 /* UIButton+CrowImageTitleSpacing.m in Sources */,
				9BA535A81D6D8DCC006D7E09 /* CrowCookerAuthInfoCell.m in Sources */,
				9BD0353B1D643ACE00BFC90B /* CrowMainTabBarViewController.mm in Sources */,
				9B858EDC1D6C4911006A8060 /* CrowHomePageViewModel.m in Sources */,
				9B858ED41D6C4911006A8060 /* CrowHomePageCookerSecondDetailModel.m in Sources */,
				9B858EA41D6C482D006A8060 /* CrowMineViewController.m in Sources */,
				9B858ED71D6C4911006A8060 /* CrowHomePageCookerModel.m in Sources */,
				9BA535A51D6D8B5B006D7E09 /* CrowCookerDetailCell.m in Sources */,
				9B858EDB1D6C4911006A8060 /* CrowHomePageViewController.m in Sources */,
				9B7843401D62EA0800F5A468 /* AppDelegate.m in Sources */,
				9B7843771D62F89500F5A468 /* NSString+Crow.m in Sources */,
				9B7843891D63096400F5A468 /* CrowNetManager.m in Sources */,
				9B78433D1D62EA0800F5A468 /* main.m in Sources */,
				9BA535A21D6D82F0006D7E09 /* CrowCookerDetailViewModel.m in Sources */,
				9B7DA28C1D6A851B0048BDAE /* CrowBaseViewModel.m in Sources */,
				9B858ED91D6C4911006A8060 /* CrowHomePageDetailCell.m in Sources */,
				9BA535AB1D6DBBB9006D7E09 /* CrowCookerCommentCell.m in Sources */,
				9B858ED81D6C4911006A8060 /* CrowHomePageHeaderModel.m in Sources */,
				9B7843801D62FF3E00F5A468 /* UIScrollView+CrowRefresh.m in Sources */,
			);
			runOnlyForDeploymentPostprocessing = 0;
		};
/* End PBXSourcesBuildPhase section */

/* Begin PBXVariantGroup section */
		9B7843441D62EA0800F5A468 /* Main.storyboard */ = {
			isa = PBXVariantGroup;
			children = (
				9B7843451D62EA0800F5A468 /* Base */,
				9BB0DDA51D670CC600DC767D /* zh-Hans */,
			);
			name = Main.storyboard;
			path = ..;
			sourceTree = "<group>";
		};
		9B7843491D62EA0800F5A468 /* LaunchScreen.storyboard */ = {
			isa = PBXVariantGroup;
			children = (
				9B78434A1D62EA0800F5A468 /* Base */,
				9BB0DDA61D670CC600DC767D /* zh-Hans */,
			);
			name = LaunchScreen.storyboard;
			path = ..;
			sourceTree = "<group>";
		};
		9BB0DDAB1D670D1F00DC767D /* InfoPlist.strings */ = {
			isa = PBXVariantGroup;
			children = (
				9BB0DDAA1D670D1F00DC767D /* Base */,
				9BB0DDAC1D670D2000DC767D /* en */,
				9BB0DDAD1D670D2100DC767D /* zh-Hans */,
			);
			name = InfoPlist.strings;
			sourceTree = "<group>";
		};
/* End PBXVariantGroup section */

/* Begin XCBuildConfiguration section */
		9B78434D1D62EA0800F5A468 /* Debug */ = {
			isa = XCBuildConfiguration;
			buildSettings = {
				ALWAYS_SEARCH_USER_PATHS = NO;
				CLANG_CXX_LANGUAGE_STANDARD = "gnu++0x";
				CLANG_CXX_LIBRARY = "libc++";
				CLANG_ENABLE_MODULES = YES;
				CLANG_ENABLE_OBJC_ARC = YES;
				CLANG_WARN_BOOL_CONVERSION = YES;
				CLANG_WARN_CONSTANT_CONVERSION = YES;
				CLANG_WARN_DIRECT_OBJC_ISA_USAGE = YES_ERROR;
				CLANG_WARN_EMPTY_BODY = YES;
				CLANG_WARN_ENUM_CONVERSION = YES;
				CLANG_WARN_INT_CONVERSION = YES;
				CLANG_WARN_OBJC_ROOT_CLASS = YES_ERROR;
				CLANG_WARN_UNREACHABLE_CODE = YES;
				CLANG_WARN__DUPLICATE_METHOD_MATCH = YES;
				"CODE_SIGN_IDENTITY[sdk=iphoneos*]" = "iPhone Developer";
				COPY_PHASE_STRIP = NO;
				DEBUG_INFORMATION_FORMAT = dwarf;
				ENABLE_STRICT_OBJC_MSGSEND = YES;
				ENABLE_TESTABILITY = YES;
				GCC_C_LANGUAGE_STANDARD = gnu99;
				GCC_DYNAMIC_NO_PIC = NO;
				GCC_NO_COMMON_BLOCKS = YES;
				GCC_OPTIMIZATION_LEVEL = 0;
				GCC_PREPROCESSOR_DEFINITIONS = (
					"DEBUG=1",
					"$(inherited)",
				);
				GCC_WARN_64_TO_32_BIT_CONVERSION = YES;
				GCC_WARN_ABOUT_RETURN_TYPE = YES_ERROR;
				GCC_WARN_UNDECLARED_SELECTOR = YES;
				GCC_WARN_UNINITIALIZED_AUTOS = YES_AGGRESSIVE;
				GCC_WARN_UNUSED_FUNCTION = YES;
				GCC_WARN_UNUSED_VARIABLE = YES;
				IPHONEOS_DEPLOYMENT_TARGET = 9.1;
				MTL_ENABLE_DEBUG_INFO = YES;
				ONLY_ACTIVE_ARCH = YES;
				SDKROOT = iphoneos;
			};
			name = Debug;
		};
		9B78434E1D62EA0800F5A468 /* Release */ = {
			isa = XCBuildConfiguration;
			buildSettings = {
				ALWAYS_SEARCH_USER_PATHS = NO;
				CLANG_CXX_LANGUAGE_STANDARD = "gnu++0x";
				CLANG_CXX_LIBRARY = "libc++";
				CLANG_ENABLE_MODULES = YES;
				CLANG_ENABLE_OBJC_ARC = YES;
				CLANG_WARN_BOOL_CONVERSION = YES;
				CLANG_WARN_CONSTANT_CONVERSION = YES;
				CLANG_WARN_DIRECT_OBJC_ISA_USAGE = YES_ERROR;
				CLANG_WARN_EMPTY_BODY = YES;
				CLANG_WARN_ENUM_CONVERSION = YES;
				CLANG_WARN_INT_CONVERSION = YES;
				CLANG_WARN_OBJC_ROOT_CLASS = YES_ERROR;
				CLANG_WARN_UNREACHABLE_CODE = YES;
				CLANG_WARN__DUPLICATE_METHOD_MATCH = YES;
				"CODE_SIGN_IDENTITY[sdk=iphoneos*]" = "iPhone Developer";
				COPY_PHASE_STRIP = NO;
				DEBUG_INFORMATION_FORMAT = "dwarf-with-dsym";
				ENABLE_NS_ASSERTIONS = NO;
				ENABLE_STRICT_OBJC_MSGSEND = YES;
				GCC_C_LANGUAGE_STANDARD = gnu99;
				GCC_NO_COMMON_BLOCKS = YES;
				GCC_WARN_64_TO_32_BIT_CONVERSION = YES;
				GCC_WARN_ABOUT_RETURN_TYPE = YES_ERROR;
				GCC_WARN_UNDECLARED_SELECTOR = YES;
				GCC_WARN_UNINITIALIZED_AUTOS = YES_AGGRESSIVE;
				GCC_WARN_UNUSED_FUNCTION = YES;
				GCC_WARN_UNUSED_VARIABLE = YES;
				IPHONEOS_DEPLOYMENT_TARGET = 9.1;
				MTL_ENABLE_DEBUG_INFO = NO;
				SDKROOT = iphoneos;
				VALIDATE_PRODUCT = YES;
			};
			name = Release;
		};
		9B7843501D62EA0800F5A468 /* Debug */ = {
			isa = XCBuildConfiguration;
			baseConfigurationReference = C371663D6B1A633454B6CDB4 /* Pods-DaDaCook.debug.xcconfig */;
			buildSettings = {
				ASSETCATALOG_COMPILER_APPICON_NAME = AppIcon;
				ASSETCATALOG_COMPILER_LAUNCHIMAGE_NAME = "Brand Assets";
				FRAMEWORK_SEARCH_PATHS = (
					"$(inherited)",
					"$(PROJECT_DIR)/DaDaCook/SDK",
				);
				GCC_PREFIX_HEADER = "$(PRODUCT_NAME)/PrefixHeader.pch";
				INFOPLIST_FILE = DaDaCook/Info.plist;
				IPHONEOS_DEPLOYMENT_TARGET = 8.0;
				LD_RUNPATH_SEARCH_PATHS = "$(inherited) @executable_path/Frameworks";
				PRODUCT_BUNDLE_IDENTIFIER = cn.wayne.DaDaCook;
				PRODUCT_NAME = "$(TARGET_NAME)";
			};
			name = Debug;
		};
		9B7843511D62EA0800F5A468 /* Release */ = {
			isa = XCBuildConfiguration;
			baseConfigurationReference = 1DB581D4C32753D811D929B6 /* Pods-DaDaCook.release.xcconfig */;
			buildSettings = {
				ASSETCATALOG_COMPILER_APPICON_NAME = AppIcon;
				ASSETCATALOG_COMPILER_LAUNCHIMAGE_NAME = "Brand Assets";
				FRAMEWORK_SEARCH_PATHS = (
					"$(inherited)",
					"$(PROJECT_DIR)/DaDaCook/SDK",
				);
				GCC_PREFIX_HEADER = "$(PRODUCT_NAME)/PrefixHeader.pch";
				INFOPLIST_FILE = DaDaCook/Info.plist;
				IPHONEOS_DEPLOYMENT_TARGET = 8.0;
				LD_RUNPATH_SEARCH_PATHS = "$(inherited) @executable_path/Frameworks";
				PRODUCT_BUNDLE_IDENTIFIER = cn.wayne.DaDaCook;
				PRODUCT_NAME = "$(TARGET_NAME)";
			};
			name = Release;
		};
/* End XCBuildConfiguration section */

/* Begin XCConfigurationList section */
		9B7843331D62EA0800F5A468 /* Build configuration list for PBXProject "DaDaCook" */ = {
			isa = XCConfigurationList;
			buildConfigurations = (
				9B78434D1D62EA0800F5A468 /* Debug */,
				9B78434E1D62EA0800F5A468 /* Release */,
			);
			defaultConfigurationIsVisible = 0;
			defaultConfigurationName = Release;
		};
		9B78434F1D62EA0800F5A468 /* Build configuration list for PBXNativeTarget "DaDaCook" */ = {
			isa = XCConfigurationList;
			buildConfigurations = (
				9B7843501D62EA0800F5A468 /* Debug */,
				9B7843511D62EA0800F5A468 /* Release */,
			);
			defaultConfigurationIsVisible = 0;
			defaultConfigurationName = Release;
		};
/* End XCConfigurationList section */
	};
	rootObject = 9B7843301D62EA0800F5A468 /* Project object */;
}
