// !$*UTF8*$!
{
	archiveVersion = 1;
	classes = {
	};
	objectVersion = 46;
	objects = {

/* Begin PBXBuildFile section */
		044D3F3C68BEEBDEDDB01BF7 /* libPods-DaDaCook.a in Frameworks */ = {isa = PBXBuildFile; fileRef = 1CEDAD6F36C7EBFE68B8FB2F /* libPods-DaDaCook.a */; };
		9B78433D1D62EA0800F5A468 /* main.m in Sources */ = {isa = PBXBuildFile; fileRef = 9B78433C1D62EA0800F5A468 /* main.m */; };
		9B7843401D62EA0800F5A468 /* AppDelegate.m in Sources */ = {isa = PBXBuildFile; fileRef = 9B78433F1D62EA0800F5A468 /* AppDelegate.m */; };
		9B7843431D62EA0800F5A468 /* ViewController.m in Sources */ = {isa = PBXBuildFile; fileRef = 9B7843421D62EA0800F5A468 /* ViewController.m */; };
		9B7843461D62EA0800F5A468 /* Main.storyboard in Resources */ = {isa = PBXBuildFile; fileRef = 9B7843441D62EA0800F5A468 /* Main.storyboard */; };
		9B7843481D62EA0800F5A468 /* Assets.xcassets in Resources */ = {isa = PBXBuildFile; fileRef = 9B7843471D62EA0800F5A468 /* Assets.xcassets */; };
		9B78434B1D62EA0800F5A468 /* LaunchScreen.storyboard in Resources */ = {isa = PBXBuildFile; fileRef = 9B7843491D62EA0800F5A468 /* LaunchScreen.storyboard */; };
		9B7843741D62F71700F5A468 /* NSObject+CrowParse.m in Sources */ = {isa = PBXBuildFile; fileRef = 9B7843731D62F71700F5A468 /* NSObject+CrowParse.m */; };
		9B7843771D62F89500F5A468 /* NSString+Crow.m in Sources */ = {isa = PBXBuildFile; fileRef = 9B7843761D62F89500F5A468 /* NSString+Crow.m */; };
		9B78437D1D62F9C500F5A468 /* UIButton+CrowImageTitleSpacing.m in Sources */ = {isa = PBXBuildFile; fileRef = 9B78437C1D62F9C500F5A468 /* UIButton+CrowImageTitleSpacing.m */; };
		9B7843801D62FF3E00F5A468 /* UIScrollView+CrowRefresh.m in Sources */ = {isa = PBXBuildFile; fileRef = 9B78437F1D62FF3E00F5A468 /* UIScrollView+CrowRefresh.m */; };
		9B7843831D63019400F5A468 /* UIView+CrowMBProgressHUD.m in Sources */ = {isa = PBXBuildFile; fileRef = 9B7843821D63019400F5A468 /* UIView+CrowMBProgressHUD.m */; };
		9B7843861D6302E100F5A468 /* CrowBaseNetworking.m in Sources */ = {isa = PBXBuildFile; fileRef = 9B7843851D6302E100F5A468 /* CrowBaseNetworking.m */; };
		9B7843891D63096400F5A468 /* CrowNetManager.m in Sources */ = {isa = PBXBuildFile; fileRef = 9B7843881D63096400F5A468 /* CrowNetManager.m */; };
		9B78438C1D63098C00F5A468 /* CrowBaseViewModel.m in Sources */ = {isa = PBXBuildFile; fileRef = 9B78438B1D63098C00F5A468 /* CrowBaseViewModel.m */; };
		9B78438F1D630A4900F5A468 /* CrowDiscoverTableViewController.m in Sources */ = {isa = PBXBuildFile; fileRef = 9B78438E1D630A4900F5A468 /* CrowDiscoverTableViewController.m */; };
		9B7843961D630A7700F5A468 /* CrowDiscoverCell.m in Sources */ = {isa = PBXBuildFile; fileRef = 9B7843941D630A7700F5A468 /* CrowDiscoverCell.m */; };
		9B7843971D630A7700F5A468 /* CrowDiscoverCell.xib in Resources */ = {isa = PBXBuildFile; fileRef = 9B7843951D630A7700F5A468 /* CrowDiscoverCell.xib */; };
		9B78439A1D630A9A00F5A468 /* CrowDiscoverViewModel.m in Sources */ = {isa = PBXBuildFile; fileRef = 9B7843991D630A9A00F5A468 /* CrowDiscoverViewModel.m */; };
		9B78439D1D630AB000F5A468 /* CrowDiscoverModel.m in Sources */ = {isa = PBXBuildFile; fileRef = 9B78439C1D630AB000F5A468 /* CrowDiscoverModel.m */; };
		9B7843B31D630C2D00F5A468 /* CrowMineTableViewController.m in Sources */ = {isa = PBXBuildFile; fileRef = 9B7843B21D630C2D00F5A468 /* CrowMineTableViewController.m */; };
		9B7843B91D63121500F5A468 /* AppDelegate+Crow.m in Sources */ = {isa = PBXBuildFile; fileRef = 9B7843B81D63121500F5A468 /* AppDelegate+Crow.m */; };
		9B939B3D1D65919F00DCDD7E /* CrowHomePageActivtyModel.m in Sources */ = {isa = PBXBuildFile; fileRef = 9B939B3C1D65919F00DCDD7E /* CrowHomePageActivtyModel.m */; };
		9B939B401D65939E00DCDD7E /* CrowHomePageActivityViewModel.m in Sources */ = {isa = PBXBuildFile; fileRef = 9B939B3F1D65939E00DCDD7E /* CrowHomePageActivityViewModel.m */; };
		9BD035341D64363A00BFC90B /* Discover.storyboard in Resources */ = {isa = PBXBuildFile; fileRef = 9BD035331D64363A00BFC90B /* Discover.storyboard */; };
		9BD035361D64370500BFC90B /* Mine.storyboard in Resources */ = {isa = PBXBuildFile; fileRef = 9BD035351D64370500BFC90B /* Mine.storyboard */; };
		9BD035381D64377700BFC90B /* HomePage.storyboard in Resources */ = {isa = PBXBuildFile; fileRef = 9BD035371D64377700BFC90B /* HomePage.storyboard */; };
		9BD0353B1D643ACE00BFC90B /* CrowMainTabBarViewController.m in Sources */ = {isa = PBXBuildFile; fileRef = 9BD0353A1D643ACE00BFC90B /* CrowMainTabBarViewController.m */; };
		9BD0353E1D644E9500BFC90B /* CrowHomePageViewController.m in Sources */ = {isa = PBXBuildFile; fileRef = 9BD0353D1D644E9500BFC90B /* CrowHomePageViewController.m */; };
		9BD035411D64521B00BFC90B /* CrowHomePageHeaderView.m in Sources */ = {isa = PBXBuildFile; fileRef = 9BD035401D64521B00BFC90B /* CrowHomePageHeaderView.m */; };
		9BD7DE071D631908001E3088 /* CrowHomePageHeaderViewModel.m in Sources */ = {isa = PBXBuildFile; fileRef = 9BD7DE051D631908001E3088 /* CrowHomePageHeaderViewModel.m */; };
		9BD7DE0A1D63191E001E3088 /* CrowHomePageModel.m in Sources */ = {isa = PBXBuildFile; fileRef = 9BD7DE091D63191E001E3088 /* CrowHomePageModel.m */; };
		9BD7DE0D1D631927001E3088 /* CrowHomePageViewModel.m in Sources */ = {isa = PBXBuildFile; fileRef = 9BD7DE0C1D631927001E3088 /* CrowHomePageViewModel.m */; };
		9BD7DE101D631979001E3088 /* CrowHomePageHeaderModel.m in Sources */ = {isa = PBXBuildFile; fileRef = 9BD7DE0F1D631979001E3088 /* CrowHomePageHeaderModel.m */; };
/* End PBXBuildFile section */

/* Begin PBXFileReference section */
		1CEDAD6F36C7EBFE68B8FB2F /* libPods-DaDaCook.a */ = {isa = PBXFileReference; explicitFileType = archive.ar; includeInIndex = 0; path = "libPods-DaDaCook.a"; sourceTree = BUILT_PRODUCTS_DIR; };
		1DB581D4C32753D811D929B6 /* Pods-DaDaCook.release.xcconfig */ = {isa = PBXFileReference; includeInIndex = 1; lastKnownFileType = text.xcconfig; name = "Pods-DaDaCook.release.xcconfig"; path = "Pods/Target Support Files/Pods-DaDaCook/Pods-DaDaCook.release.xcconfig"; sourceTree = "<group>"; };
		9B7843381D62EA0800F5A468 /* DaDaCook.app */ = {isa = PBXFileReference; explicitFileType = wrapper.application; includeInIndex = 0; path = DaDaCook.app; sourceTree = BUILT_PRODUCTS_DIR; };
		9B78433C1D62EA0800F5A468 /* main.m */ = {isa = PBXFileReference; lastKnownFileType = sourcecode.c.objc; path = main.m; sourceTree = "<group>"; };
		9B78433E1D62EA0800F5A468 /* AppDelegate.h */ = {isa = PBXFileReference; lastKnownFileType = sourcecode.c.h; path = AppDelegate.h; sourceTree = "<group>"; };
		9B78433F1D62EA0800F5A468 /* AppDelegate.m */ = {isa = PBXFileReference; lastKnownFileType = sourcecode.c.objc; path = AppDelegate.m; sourceTree = "<group>"; };
		9B7843411D62EA0800F5A468 /* ViewController.h */ = {isa = PBXFileReference; lastKnownFileType = sourcecode.c.h; path = ViewController.h; sourceTree = "<group>"; };
		9B7843421D62EA0800F5A468 /* ViewController.m */ = {isa = PBXFileReference; lastKnownFileType = sourcecode.c.objc; path = ViewController.m; sourceTree = "<group>"; };
		9B7843451D62EA0800F5A468 /* Base */ = {isa = PBXFileReference; lastKnownFileType = file.storyboard; name = Base; path = Base.lproj/Main.storyboard; sourceTree = "<group>"; };
		9B7843471D62EA0800F5A468 /* Assets.xcassets */ = {isa = PBXFileReference; lastKnownFileType = folder.assetcatalog; name = Assets.xcassets; path = ../Assets.xcassets; sourceTree = "<group>"; };
		9B78434A1D62EA0800F5A468 /* Base */ = {isa = PBXFileReference; lastKnownFileType = file.storyboard; name = Base; path = Base.lproj/LaunchScreen.storyboard; sourceTree = "<group>"; };
		9B78434C1D62EA0800F5A468 /* Info.plist */ = {isa = PBXFileReference; lastKnownFileType = text.plist.xml; path = Info.plist; sourceTree = "<group>"; };
		9B7843711D62F5BB00F5A468 /* PrefixHeader.pch */ = {isa = PBXFileReference; lastKnownFileType = sourcecode.c.h; path = PrefixHeader.pch; sourceTree = "<group>"; };
		9B7843721D62F71700F5A468 /* NSObject+CrowParse.h */ = {isa = PBXFileReference; fileEncoding = 4; lastKnownFileType = sourcecode.c.h; path = "NSObject+CrowParse.h"; sourceTree = "<group>"; };
		9B7843731D62F71700F5A468 /* NSObject+CrowParse.m */ = {isa = PBXFileReference; fileEncoding = 4; lastKnownFileType = sourcecode.c.objc; path = "NSObject+CrowParse.m"; sourceTree = "<group>"; };
		9B7843751D62F89500F5A468 /* NSString+Crow.h */ = {isa = PBXFileReference; fileEncoding = 4; lastKnownFileType = sourcecode.c.h; path = "NSString+Crow.h"; sourceTree = "<group>"; };
		9B7843761D62F89500F5A468 /* NSString+Crow.m */ = {isa = PBXFileReference; fileEncoding = 4; lastKnownFileType = sourcecode.c.objc; path = "NSString+Crow.m"; sourceTree = "<group>"; };
		9B78437B1D62F9C500F5A468 /* UIButton+CrowImageTitleSpacing.h */ = {isa = PBXFileReference; fileEncoding = 4; lastKnownFileType = sourcecode.c.h; path = "UIButton+CrowImageTitleSpacing.h"; sourceTree = "<group>"; };
		9B78437C1D62F9C500F5A468 /* UIButton+CrowImageTitleSpacing.m */ = {isa = PBXFileReference; fileEncoding = 4; lastKnownFileType = sourcecode.c.objc; path = "UIButton+CrowImageTitleSpacing.m"; sourceTree = "<group>"; };
		9B78437E1D62FF3E00F5A468 /* UIScrollView+CrowRefresh.h */ = {isa = PBXFileReference; fileEncoding = 4; lastKnownFileType = sourcecode.c.h; path = "UIScrollView+CrowRefresh.h"; sourceTree = "<group>"; };
		9B78437F1D62FF3E00F5A468 /* UIScrollView+CrowRefresh.m */ = {isa = PBXFileReference; fileEncoding = 4; lastKnownFileType = sourcecode.c.objc; path = "UIScrollView+CrowRefresh.m"; sourceTree = "<group>"; };
		9B7843811D63019400F5A468 /* UIView+CrowMBProgressHUD.h */ = {isa = PBXFileReference; fileEncoding = 4; lastKnownFileType = sourcecode.c.h; path = "UIView+CrowMBProgressHUD.h"; sourceTree = "<group>"; };
		9B7843821D63019400F5A468 /* UIView+CrowMBProgressHUD.m */ = {isa = PBXFileReference; fileEncoding = 4; lastKnownFileType = sourcecode.c.objc; path = "UIView+CrowMBProgressHUD.m"; sourceTree = "<group>"; };
		9B7843841D6302E100F5A468 /* CrowBaseNetworking.h */ = {isa = PBXFileReference; fileEncoding = 4; lastKnownFileType = sourcecode.c.h; path = CrowBaseNetworking.h; sourceTree = "<group>"; };
		9B7843851D6302E100F5A468 /* CrowBaseNetworking.m */ = {isa = PBXFileReference; fileEncoding = 4; lastKnownFileType = sourcecode.c.objc; path = CrowBaseNetworking.m; sourceTree = "<group>"; };
		9B7843871D63096400F5A468 /* CrowNetManager.h */ = {isa = PBXFileReference; fileEncoding = 4; lastKnownFileType = sourcecode.c.h; path = CrowNetManager.h; sourceTree = "<group>"; };
		9B7843881D63096400F5A468 /* CrowNetManager.m */ = {isa = PBXFileReference; fileEncoding = 4; lastKnownFileType = sourcecode.c.objc; path = CrowNetManager.m; sourceTree = "<group>"; };
		9B78438A1D63098C00F5A468 /* CrowBaseViewModel.h */ = {isa = PBXFileReference; fileEncoding = 4; lastKnownFileType = sourcecode.c.h; path = CrowBaseViewModel.h; sourceTree = "<group>"; };
		9B78438B1D63098C00F5A468 /* CrowBaseViewModel.m */ = {isa = PBXFileReference; fileEncoding = 4; lastKnownFileType = sourcecode.c.objc; path = CrowBaseViewModel.m; sourceTree = "<group>"; };
		9B78438D1D630A4900F5A468 /* CrowDiscoverTableViewController.h */ = {isa = PBXFileReference; fileEncoding = 4; lastKnownFileType = sourcecode.c.h; path = CrowDiscoverTableViewController.h; sourceTree = "<group>"; };
		9B78438E1D630A4900F5A468 /* CrowDiscoverTableViewController.m */ = {isa = PBXFileReference; fileEncoding = 4; lastKnownFileType = sourcecode.c.objc; path = CrowDiscoverTableViewController.m; sourceTree = "<group>"; };
		9B7843931D630A7700F5A468 /* CrowDiscoverCell.h */ = {isa = PBXFileReference; fileEncoding = 4; lastKnownFileType = sourcecode.c.h; path = CrowDiscoverCell.h; sourceTree = "<group>"; };
		9B7843941D630A7700F5A468 /* CrowDiscoverCell.m */ = {isa = PBXFileReference; fileEncoding = 4; lastKnownFileType = sourcecode.c.objc; path = CrowDiscoverCell.m; sourceTree = "<group>"; };
		9B7843951D630A7700F5A468 /* CrowDiscoverCell.xib */ = {isa = PBXFileReference; fileEncoding = 4; lastKnownFileType = file.xib; path = CrowDiscoverCell.xib; sourceTree = "<group>"; };
		9B7843981D630A9A00F5A468 /* CrowDiscoverViewModel.h */ = {isa = PBXFileReference; fileEncoding = 4; lastKnownFileType = sourcecode.c.h; path = CrowDiscoverViewModel.h; sourceTree = "<group>"; };
		9B7843991D630A9A00F5A468 /* CrowDiscoverViewModel.m */ = {isa = PBXFileReference; fileEncoding = 4; lastKnownFileType = sourcecode.c.objc; path = CrowDiscoverViewModel.m; sourceTree = "<group>"; };
		9B78439B1D630AB000F5A468 /* CrowDiscoverModel.h */ = {isa = PBXFileReference; fileEncoding = 4; lastKnownFileType = sourcecode.c.h; path = CrowDiscoverModel.h; sourceTree = "<group>"; };
		9B78439C1D630AB000F5A468 /* CrowDiscoverModel.m */ = {isa = PBXFileReference; fileEncoding = 4; lastKnownFileType = sourcecode.c.objc; path = CrowDiscoverModel.m; sourceTree = "<group>"; };
		9B7843B11D630C2D00F5A468 /* CrowMineTableViewController.h */ = {isa = PBXFileReference; fileEncoding = 4; lastKnownFileType = sourcecode.c.h; path = CrowMineTableViewController.h; sourceTree = "<group>"; };
		9B7843B21D630C2D00F5A468 /* CrowMineTableViewController.m */ = {isa = PBXFileReference; fileEncoding = 4; lastKnownFileType = sourcecode.c.objc; path = CrowMineTableViewController.m; sourceTree = "<group>"; };
		9B7843B71D63121500F5A468 /* AppDelegate+Crow.h */ = {isa = PBXFileReference; fileEncoding = 4; lastKnownFileType = sourcecode.c.h; path = "AppDelegate+Crow.h"; sourceTree = "<group>"; };
		9B7843B81D63121500F5A468 /* AppDelegate+Crow.m */ = {isa = PBXFileReference; fileEncoding = 4; lastKnownFileType = sourcecode.c.objc; path = "AppDelegate+Crow.m"; sourceTree = "<group>"; };
		9B939B3B1D65919F00DCDD7E /* CrowHomePageActivtyModel.h */ = {isa = PBXFileReference; fileEncoding = 4; lastKnownFileType = sourcecode.c.h; path = CrowHomePageActivtyModel.h; sourceTree = "<group>"; };
		9B939B3C1D65919F00DCDD7E /* CrowHomePageActivtyModel.m */ = {isa = PBXFileReference; fileEncoding = 4; lastKnownFileType = sourcecode.c.objc; path = CrowHomePageActivtyModel.m; sourceTree = "<group>"; };
		9B939B3E1D65939E00DCDD7E /* CrowHomePageActivityViewModel.h */ = {isa = PBXFileReference; fileEncoding = 4; lastKnownFileType = sourcecode.c.h; path = CrowHomePageActivityViewModel.h; sourceTree = "<group>"; };
		9B939B3F1D65939E00DCDD7E /* CrowHomePageActivityViewModel.m */ = {isa = PBXFileReference; fileEncoding = 4; lastKnownFileType = sourcecode.c.objc; path = CrowHomePageActivityViewModel.m; sourceTree = "<group>"; };
		9BD035331D64363A00BFC90B /* Discover.storyboard */ = {isa = PBXFileReference; fileEncoding = 4; lastKnownFileType = file.storyboard; path = Discover.storyboard; sourceTree = "<group>"; };
		9BD035351D64370500BFC90B /* Mine.storyboard */ = {isa = PBXFileReference; fileEncoding = 4; lastKnownFileType = file.storyboard; path = Mine.storyboard; sourceTree = "<group>"; };
		9BD035371D64377700BFC90B /* HomePage.storyboard */ = {isa = PBXFileReference; fileEncoding = 4; lastKnownFileType = file.storyboard; path = HomePage.storyboard; sourceTree = "<group>"; };
		9BD035391D643ACE00BFC90B /* CrowMainTabBarViewController.h */ = {isa = PBXFileReference; fileEncoding = 4; lastKnownFileType = sourcecode.c.h; path = CrowMainTabBarViewController.h; sourceTree = "<group>"; };
		9BD0353A1D643ACE00BFC90B /* CrowMainTabBarViewController.m */ = {isa = PBXFileReference; fileEncoding = 4; lastKnownFileType = sourcecode.c.objc; path = CrowMainTabBarViewController.m; sourceTree = "<group>"; };
		9BD0353C1D644E9500BFC90B /* CrowHomePageViewController.h */ = {isa = PBXFileReference; fileEncoding = 4; lastKnownFileType = sourcecode.c.h; path = CrowHomePageViewController.h; sourceTree = "<group>"; };
		9BD0353D1D644E9500BFC90B /* CrowHomePageViewController.m */ = {isa = PBXFileReference; fileEncoding = 4; lastKnownFileType = sourcecode.c.objc; path = CrowHomePageViewController.m; sourceTree = "<group>"; };
		9BD0353F1D64521B00BFC90B /* CrowHomePageHeaderView.h */ = {isa = PBXFileReference; fileEncoding = 4; lastKnownFileType = sourcecode.c.h; path = CrowHomePageHeaderView.h; sourceTree = "<group>"; };
		9BD035401D64521B00BFC90B /* CrowHomePageHeaderView.m */ = {isa = PBXFileReference; fileEncoding = 4; lastKnownFileType = sourcecode.c.objc; path = CrowHomePageHeaderView.m; sourceTree = "<group>"; };
		9BD7DE041D631908001E3088 /* CrowHomePageHeaderViewModel.h */ = {isa = PBXFileReference; fileEncoding = 4; lastKnownFileType = sourcecode.c.h; path = CrowHomePageHeaderViewModel.h; sourceTree = "<group>"; };
		9BD7DE051D631908001E3088 /* CrowHomePageHeaderViewModel.m */ = {isa = PBXFileReference; fileEncoding = 4; lastKnownFileType = sourcecode.c.objc; path = CrowHomePageHeaderViewModel.m; sourceTree = "<group>"; };
		9BD7DE081D63191E001E3088 /* CrowHomePageModel.h */ = {isa = PBXFileReference; fileEncoding = 4; lastKnownFileType = sourcecode.c.h; path = CrowHomePageModel.h; sourceTree = "<group>"; };
		9BD7DE091D63191E001E3088 /* CrowHomePageModel.m */ = {isa = PBXFileReference; fileEncoding = 4; lastKnownFileType = sourcecode.c.objc; path = CrowHomePageModel.m; sourceTree = "<group>"; };
		9BD7DE0B1D631927001E3088 /* CrowHomePageViewModel.h */ = {isa = PBXFileReference; fileEncoding = 4; lastKnownFileType = sourcecode.c.h; path = CrowHomePageViewModel.h; sourceTree = "<group>"; };
		9BD7DE0C1D631927001E3088 /* CrowHomePageViewModel.m */ = {isa = PBXFileReference; fileEncoding = 4; lastKnownFileType = sourcecode.c.objc; path = CrowHomePageViewModel.m; sourceTree = "<group>"; };
		9BD7DE0E1D631979001E3088 /* CrowHomePageHeaderModel.h */ = {isa = PBXFileReference; fileEncoding = 4; lastKnownFileType = sourcecode.c.h; path = CrowHomePageHeaderModel.h; sourceTree = "<group>"; };
		9BD7DE0F1D631979001E3088 /* CrowHomePageHeaderModel.m */ = {isa = PBXFileReference; fileEncoding = 4; lastKnownFileType = sourcecode.c.objc; path = CrowHomePageHeaderModel.m; sourceTree = "<group>"; };
		9BD7DE121D631BBE001E3088 /* Constans.h */ = {isa = PBXFileReference; lastKnownFileType = sourcecode.c.h; path = Constans.h; sourceTree = "<group>"; };
		9BD7DE131D6327A0001E3088 /* RequestPath.h */ = {isa = PBXFileReference; lastKnownFileType = sourcecode.c.h; path = RequestPath.h; sourceTree = "<group>"; };
		C371663D6B1A633454B6CDB4 /* Pods-DaDaCook.debug.xcconfig */ = {isa = PBXFileReference; includeInIndex = 1; lastKnownFileType = text.xcconfig; name = "Pods-DaDaCook.debug.xcconfig"; path = "Pods/Target Support Files/Pods-DaDaCook/Pods-DaDaCook.debug.xcconfig"; sourceTree = "<group>"; };
/* End PBXFileReference section */

/* Begin PBXFrameworksBuildPhase section */
		9B7843351D62EA0800F5A468 /* Frameworks */ = {
			isa = PBXFrameworksBuildPhase;
			buildActionMask = 2147483647;
			files = (
				044D3F3C68BEEBDEDDB01BF7 /* libPods-DaDaCook.a in Frameworks */,
			);
			runOnlyForDeploymentPostprocessing = 0;
		};
/* End PBXFrameworksBuildPhase section */

/* Begin PBXGroup section */
		37E0073FA0F1F42FEAF8F106 /* Pods */ = {
			isa = PBXGroup;
			children = (
				C371663D6B1A633454B6CDB4 /* Pods-DaDaCook.debug.xcconfig */,
				1DB581D4C32753D811D929B6 /* Pods-DaDaCook.release.xcconfig */,
			);
			name = Pods;
			sourceTree = "<group>";
		};
		8B54EA249CE0FF9B951DB26A /* Frameworks */ = {
			isa = PBXGroup;
			children = (
				1CEDAD6F36C7EBFE68B8FB2F /* libPods-DaDaCook.a */,
			);
			name = Frameworks;
			sourceTree = "<group>";
		};
		9B78432F1D62EA0800F5A468 = {
			isa = PBXGroup;
			children = (
				9B78433A1D62EA0800F5A468 /* DaDaCook */,
				9B7843391D62EA0800F5A468 /* Products */,
				37E0073FA0F1F42FEAF8F106 /* Pods */,
				8B54EA249CE0FF9B951DB26A /* Frameworks */,
			);
			sourceTree = "<group>";
		};
		9B7843391D62EA0800F5A468 /* Products */ = {
			isa = PBXGroup;
			children = (
				9B7843381D62EA0800F5A468 /* DaDaCook.app */,
			);
			name = Products;
			sourceTree = "<group>";
		};
		9B78433A1D62EA0800F5A468 /* DaDaCook */ = {
			isa = PBXGroup;
			children = (
				9B78433E1D62EA0800F5A468 /* AppDelegate.h */,
				9B78433F1D62EA0800F5A468 /* AppDelegate.m */,
				9B7843411D62EA0800F5A468 /* ViewController.h */,
				9B7843421D62EA0800F5A468 /* ViewController.m */,
				9B7843521D62EBCE00F5A468 /* Application */,
				9B7843561D62EBCE00F5A468 /* Category */,
				9B7843571D62EBCE00F5A468 /* Define */,
				9B7843581D62EBCE00F5A468 /* NetManager */,
				9B7843591D62EBCE00F5A468 /* Resource */,
				9B78435A1D62EBCE00F5A468 /* Tool */,
				9B78435B1D62EBCE00F5A468 /* Vendor */,
				9B78433B1D62EA0800F5A468 /* Supporting Files */,
			);
			path = DaDaCook;
			sourceTree = "<group>";
		};
		9B78433B1D62EA0800F5A468 /* Supporting Files */ = {
			isa = PBXGroup;
			children = (
				9B78434C1D62EA0800F5A468 /* Info.plist */,
				9B78433C1D62EA0800F5A468 /* main.m */,
				9B7843711D62F5BB00F5A468 /* PrefixHeader.pch */,
			);
			name = "Supporting Files";
			sourceTree = "<group>";
		};
		9B7843521D62EBCE00F5A468 /* Application */ = {
			isa = PBXGroup;
			children = (
				9B7843A21D630AFA00F5A468 /* HomePage */,
				9B7843531D62EBCE00F5A468 /* Discover */,
				9B7843551D62EBCE00F5A468 /* Mine */,
				9BD035391D643ACE00BFC90B /* CrowMainTabBarViewController.h */,
				9BD0353A1D643ACE00BFC90B /* CrowMainTabBarViewController.m */,
				9B78438A1D63098C00F5A468 /* CrowBaseViewModel.h */,
				9B78438B1D63098C00F5A468 /* CrowBaseViewModel.m */,
			);
			path = Application;
			sourceTree = "<group>";
		};
		9B7843531D62EBCE00F5A468 /* Discover */ = {
			isa = PBXGroup;
			children = (
				9B7843701D62ED3F00F5A468 /* Model */,
				9B78436F1D62ED3600F5A468 /* ViewModel */,
				9B78436E1D62ED3100F5A468 /* View */,
				9B78436D1D62ED2000F5A468 /* ViewController */,
				9BD035331D64363A00BFC90B /* Discover.storyboard */,
			);
			path = Discover;
			sourceTree = "<group>";
		};
		9B7843551D62EBCE00F5A468 /* Mine */ = {
			isa = PBXGroup;
			children = (
				9B7843AA1D630B3B00F5A468 /* Model */,
				9B7843A91D630B3600F5A468 /* ViewModel */,
				9B7843A81D630B3100F5A468 /* View */,
				9B7843A71D630B2900F5A468 /* ViewController */,
				9BD035351D64370500BFC90B /* Mine.storyboard */,
			);
			path = Mine;
			sourceTree = "<group>";
		};
		9B7843561D62EBCE00F5A468 /* Category */ = {
			isa = PBXGroup;
			children = (
				9B7843B71D63121500F5A468 /* AppDelegate+Crow.h */,
				9B7843B81D63121500F5A468 /* AppDelegate+Crow.m */,
				9B7843721D62F71700F5A468 /* NSObject+CrowParse.h */,
				9B7843731D62F71700F5A468 /* NSObject+CrowParse.m */,
				9B7843751D62F89500F5A468 /* NSString+Crow.h */,
				9B7843761D62F89500F5A468 /* NSString+Crow.m */,
				9B78437B1D62F9C500F5A468 /* UIButton+CrowImageTitleSpacing.h */,
				9B78437C1D62F9C500F5A468 /* UIButton+CrowImageTitleSpacing.m */,
				9B78437E1D62FF3E00F5A468 /* UIScrollView+CrowRefresh.h */,
				9B78437F1D62FF3E00F5A468 /* UIScrollView+CrowRefresh.m */,
				9B7843811D63019400F5A468 /* UIView+CrowMBProgressHUD.h */,
				9B7843821D63019400F5A468 /* UIView+CrowMBProgressHUD.m */,
			);
			path = Category;
			sourceTree = "<group>";
		};
		9B7843571D62EBCE00F5A468 /* Define */ = {
			isa = PBXGroup;
			children = (
				9BD7DE121D631BBE001E3088 /* Constans.h */,
				9BD7DE131D6327A0001E3088 /* RequestPath.h */,
			);
			path = Define;
			sourceTree = "<group>";
		};
		9B7843581D62EBCE00F5A468 /* NetManager */ = {
			isa = PBXGroup;
			children = (
				9B7843841D6302E100F5A468 /* CrowBaseNetworking.h */,
				9B7843851D6302E100F5A468 /* CrowBaseNetworking.m */,
				9B7843871D63096400F5A468 /* CrowNetManager.h */,
				9B7843881D63096400F5A468 /* CrowNetManager.m */,
			);
			path = NetManager;
			sourceTree = "<group>";
		};
		9B7843591D62EBCE00F5A468 /* Resource */ = {
			isa = PBXGroup;
			children = (
				9B7843441D62EA0800F5A468 /* Main.storyboard */,
				9B7843471D62EA0800F5A468 /* Assets.xcassets */,
				9B7843491D62EA0800F5A468 /* LaunchScreen.storyboard */,
			);
			path = Resource;
			sourceTree = "<group>";
		};
		9B78435A1D62EBCE00F5A468 /* Tool */ = {
			isa = PBXGroup;
			children = (
			);
			path = Tool;
			sourceTree = "<group>";
		};
		9B78435B1D62EBCE00F5A468 /* Vendor */ = {
			isa = PBXGroup;
			children = (
			);
			path = Vendor;
			sourceTree = "<group>";
		};
		9B78436D1D62ED2000F5A468 /* ViewController */ = {
			isa = PBXGroup;
			children = (
				9B78438D1D630A4900F5A468 /* CrowDiscoverTableViewController.h */,
				9B78438E1D630A4900F5A468 /* CrowDiscoverTableViewController.m */,
			);
			name = ViewController;
			sourceTree = "<group>";
		};
		9B78436E1D62ED3100F5A468 /* View */ = {
			isa = PBXGroup;
			children = (
				9B7843931D630A7700F5A468 /* CrowDiscoverCell.h */,
				9B7843941D630A7700F5A468 /* CrowDiscoverCell.m */,
				9B7843951D630A7700F5A468 /* CrowDiscoverCell.xib */,
			);
			name = View;
			sourceTree = "<group>";
		};
		9B78436F1D62ED3600F5A468 /* ViewModel */ = {
			isa = PBXGroup;
			children = (
				9B7843981D630A9A00F5A468 /* CrowDiscoverViewModel.h */,
				9B7843991D630A9A00F5A468 /* CrowDiscoverViewModel.m */,
			);
			name = ViewModel;
			sourceTree = "<group>";
		};
		9B7843701D62ED3F00F5A468 /* Model */ = {
			isa = PBXGroup;
			children = (
				9B78439B1D630AB000F5A468 /* CrowDiscoverModel.h */,
				9B78439C1D630AB000F5A468 /* CrowDiscoverModel.m */,
			);
			name = Model;
			sourceTree = "<group>";
		};
		9B7843A21D630AFA00F5A468 /* HomePage */ = {
			isa = PBXGroup;
			children = (
				9B7843A61D630B2200F5A468 /* Model */,
				9B7843A51D630B1C00F5A468 /* ViewModel */,
				9B7843A41D630B1800F5A468 /* View */,
				9B7843A31D630B0F00F5A468 /* ViewController */,
				9BD035371D64377700BFC90B /* HomePage.storyboard */,
			);
			path = HomePage;
			sourceTree = "<group>";
		};
		9B7843A31D630B0F00F5A468 /* ViewController */ = {
			isa = PBXGroup;
			children = (
				9BD0353C1D644E9500BFC90B /* CrowHomePageViewController.h */,
				9BD0353D1D644E9500BFC90B /* CrowHomePageViewController.m */,
			);
			name = ViewController;
			sourceTree = "<group>";
		};
		9B7843A41D630B1800F5A468 /* View */ = {
			isa = PBXGroup;
			children = (
				9BD0353F1D64521B00BFC90B /* CrowHomePageHeaderView.h */,
				9BD035401D64521B00BFC90B /* CrowHomePageHeaderView.m */,
			);
			name = View;
			sourceTree = "<group>";
		};
		9B7843A51D630B1C00F5A468 /* ViewModel */ = {
			isa = PBXGroup;
			children = (
				9BD7DE041D631908001E3088 /* CrowHomePageHeaderViewModel.h */,
				9BD7DE051D631908001E3088 /* CrowHomePageHeaderViewModel.m */,
				9B939B3E1D65939E00DCDD7E /* CrowHomePageActivityViewModel.h */,
				9B939B3F1D65939E00DCDD7E /* CrowHomePageActivityViewModel.m */,
				9BD7DE0B1D631927001E3088 /* CrowHomePageViewModel.h */,
				9BD7DE0C1D631927001E3088 /* CrowHomePageViewModel.m */,
			);
			name = ViewModel;
			sourceTree = "<group>";
		};
		9B7843A61D630B2200F5A468 /* Model */ = {
			isa = PBXGroup;
			children = (
				9BD7DE0E1D631979001E3088 /* CrowHomePageHeaderModel.h */,
				9BD7DE0F1D631979001E3088 /* CrowHomePageHeaderModel.m */,
				9B939B3B1D65919F00DCDD7E /* CrowHomePageActivtyModel.h */,
				9B939B3C1D65919F00DCDD7E /* CrowHomePageActivtyModel.m */,
				9BD7DE081D63191E001E3088 /* CrowHomePageModel.h */,
				9BD7DE091D63191E001E3088 /* CrowHomePageModel.m */,
			);
			name = Model;
			sourceTree = "<group>";
		};
		9B7843A71D630B2900F5A468 /* ViewController */ = {
			isa = PBXGroup;
			children = (
				9B7843B11D630C2D00F5A468 /* CrowMineTableViewController.h */,
				9B7843B21D630C2D00F5A468 /* CrowMineTableViewController.m */,
			);
			name = ViewController;
			sourceTree = "<group>";
		};
		9B7843A81D630B3100F5A468 /* View */ = {
			isa = PBXGroup;
			children = (
			);
			name = View;
			sourceTree = "<group>";
		};
		9B7843A91D630B3600F5A468 /* ViewModel */ = {
			isa = PBXGroup;
			children = (
			);
			name = ViewModel;
			sourceTree = "<group>";
		};
		9B7843AA1D630B3B00F5A468 /* Model */ = {
			isa = PBXGroup;
			children = (
			);
			name = Model;
			sourceTree = "<group>";
		};
/* End PBXGroup section */

/* Begin PBXNativeTarget section */
		9B7843371D62EA0800F5A468 /* DaDaCook */ = {
			isa = PBXNativeTarget;
			buildConfigurationList = 9B78434F1D62EA0800F5A468 /* Build configuration list for PBXNativeTarget "DaDaCook" */;
			buildPhases = (
				E722A6EC7D5F7261C1BA2697 /* [CP] Check Pods Manifest.lock */,
				9B7843341D62EA0800F5A468 /* Sources */,
				9B7843351D62EA0800F5A468 /* Frameworks */,
				9B7843361D62EA0800F5A468 /* Resources */,
				E6F9E720CFBCB4DAC2B53494 /* [CP] Embed Pods Frameworks */,
				A613181545F6073481BB1476 /* [CP] Copy Pods Resources */,
			);
			buildRules = (
			);
			dependencies = (
			);
			name = DaDaCook;
			productName = DaDaCook;
			productReference = 9B7843381D62EA0800F5A468 /* DaDaCook.app */;
			productType = "com.apple.product-type.application";
		};
/* End PBXNativeTarget section */

/* Begin PBXProject section */
		9B7843301D62EA0800F5A468 /* Project object */ = {
			isa = PBXProject;
			attributes = {
				CLASSPREFIX = Crow;
				LastUpgradeCheck = 0710;
				ORGANIZATIONNAME = Wayne;
				TargetAttributes = {
					9B7843371D62EA0800F5A468 = {
						CreatedOnToolsVersion = 7.1;
					};
				};
			};
			buildConfigurationList = 9B7843331D62EA0800F5A468 /* Build configuration list for PBXProject "DaDaCook" */;
			compatibilityVersion = "Xcode 3.2";
			developmentRegion = English;
			hasScannedForEncodings = 0;
			knownRegions = (
				en,
				Base,
			);
			mainGroup = 9B78432F1D62EA0800F5A468;
			productRefGroup = 9B7843391D62EA0800F5A468 /* Products */;
			projectDirPath = "";
			projectRoot = "";
			targets = (
				9B7843371D62EA0800F5A468 /* DaDaCook */,
			);
		};
/* End PBXProject section */

/* Begin PBXResourcesBuildPhase section */
		9B7843361D62EA0800F5A468 /* Resources */ = {
			isa = PBXResourcesBuildPhase;
			buildActionMask = 2147483647;
			files = (
				9B78434B1D62EA0800F5A468 /* LaunchScreen.storyboard in Resources */,
				9B7843481D62EA0800F5A468 /* Assets.xcassets in Resources */,
				9BD035341D64363A00BFC90B /* Discover.storyboard in Resources */,
				9BD035361D64370500BFC90B /* Mine.storyboard in Resources */,
				9BD035381D64377700BFC90B /* HomePage.storyboard in Resources */,
				9B7843461D62EA0800F5A468 /* Main.storyboard in Resources */,
				9B7843971D630A7700F5A468 /* CrowDiscoverCell.xib in Resources */,
			);
			runOnlyForDeploymentPostprocessing = 0;
		};
/* End PBXResourcesBuildPhase section */

/* Begin PBXShellScriptBuildPhase section */
		A613181545F6073481BB1476 /* [CP] Copy Pods Resources */ = {
			isa = PBXShellScriptBuildPhase;
			buildActionMask = 2147483647;
			files = (
			);
			inputPaths = (
			);
			name = "[CP] Copy Pods Resources";
			outputPaths = (
			);
			runOnlyForDeploymentPostprocessing = 0;
			shellPath = /bin/sh;
			shellScript = "\"${SRCROOT}/Pods/Target Support Files/Pods-DaDaCook/Pods-DaDaCook-resources.sh\"\n";
			showEnvVarsInLog = 0;
		};
		E6F9E720CFBCB4DAC2B53494 /* [CP] Embed Pods Frameworks */ = {
			isa = PBXShellScriptBuildPhase;
			buildActionMask = 2147483647;
			files = (
			);
			inputPaths = (
			);
			name = "[CP] Embed Pods Frameworks";
			outputPaths = (
			);
			runOnlyForDeploymentPostprocessing = 0;
			shellPath = /bin/sh;
			shellScript = "\"${SRCROOT}/Pods/Target Support Files/Pods-DaDaCook/Pods-DaDaCook-frameworks.sh\"\n";
			showEnvVarsInLog = 0;
		};
		E722A6EC7D5F7261C1BA2697 /* [CP] Check Pods Manifest.lock */ = {
			isa = PBXShellScriptBuildPhase;
			buildActionMask = 2147483647;
			files = (
			);
			inputPaths = (
			);
			name = "[CP] Check Pods Manifest.lock";
			outputPaths = (
			);
			runOnlyForDeploymentPostprocessing = 0;
			shellPath = /bin/sh;
			shellScript = "diff \"${PODS_ROOT}/../Podfile.lock\" \"${PODS_ROOT}/Manifest.lock\" > /dev/null\nif [[ $? != 0 ]] ; then\n    cat << EOM\nerror: The sandbox is not in sync with the Podfile.lock. Run 'pod install' or update your CocoaPods installation.\nEOM\n    exit 1\nfi\n";
			showEnvVarsInLog = 0;
		};
/* End PBXShellScriptBuildPhase section */

/* Begin PBXSourcesBuildPhase section */
		9B7843341D62EA0800F5A468 /* Sources */ = {
			isa = PBXSourcesBuildPhase;
			buildActionMask = 2147483647;
			files = (
				9B7843741D62F71700F5A468 /* NSObject+CrowParse.m in Sources */,
				9B7843B91D63121500F5A468 /* AppDelegate+Crow.m in Sources */,
				9B7843831D63019400F5A468 /* UIView+CrowMBProgressHUD.m in Sources */,
				9B78438F1D630A4900F5A468 /* CrowDiscoverTableViewController.m in Sources */,
				9BD0353E1D644E9500BFC90B /* CrowHomePageViewController.m in Sources */,
				9BD7DE0A1D63191E001E3088 /* CrowHomePageModel.m in Sources */,
				9B939B3D1D65919F00DCDD7E /* CrowHomePageActivtyModel.m in Sources */,
				9B7843B31D630C2D00F5A468 /* CrowMineTableViewController.m in Sources */,
				9BD7DE101D631979001E3088 /* CrowHomePageHeaderModel.m in Sources */,
				9BD035411D64521B00BFC90B /* CrowHomePageHeaderView.m in Sources */,
				9B7843861D6302E100F5A468 /* CrowBaseNetworking.m in Sources */,
				9B7843431D62EA0800F5A468 /* ViewController.m in Sources */,
				9B78437D1D62F9C500F5A468 /* UIButton+CrowImageTitleSpacing.m in Sources */,
				9BD0353B1D643ACE00BFC90B /* CrowMainTabBarViewController.m in Sources */,
				9B78439A1D630A9A00F5A468 /* CrowDiscoverViewModel.m in Sources */,
				9B7843401D62EA0800F5A468 /* AppDelegate.m in Sources */,
				9B939B401D65939E00DCDD7E /* CrowHomePageActivityViewModel.m in Sources */,
				9B78439D1D630AB000F5A468 /* CrowDiscoverModel.m in Sources */,
				9B78438C1D63098C00F5A468 /* CrowBaseViewModel.m in Sources */,
				9BD7DE0D1D631927001E3088 /* CrowHomePageViewModel.m in Sources */,
				9BD7DE071D631908001E3088 /* CrowHomePageHeaderViewModel.m in Sources */,
				9B7843771D62F89500F5A468 /* NSString+Crow.m in Sources */,
				9B7843891D63096400F5A468 /* CrowNetManager.m in Sources */,
				9B78433D1D62EA0800F5A468 /* main.m in Sources */,
				9B7843961D630A7700F5A468 /* CrowDiscoverCell.m in Sources */,
				9B7843801D62FF3E00F5A468 /* UIScrollView+CrowRefresh.m in Sources */,
			);
			runOnlyForDeploymentPostprocessing = 0;
		};
/* End PBXSourcesBuildPhase section */

/* Begin PBXVariantGroup section */
		9B7843441D62EA0800F5A468 /* Main.storyboard */ = {
			isa = PBXVariantGroup;
			children = (
				9B7843451D62EA0800F5A468 /* Base */,
			);
			name = Main.storyboard;
			path = ..;
			sourceTree = "<group>";
		};
		9B7843491D62EA0800F5A468 /* LaunchScreen.storyboard */ = {
			isa = PBXVariantGroup;
			children = (
				9B78434A1D62EA0800F5A468 /* Base */,
			);
			name = LaunchScreen.storyboard;
			path = ..;
			sourceTree = "<group>";
		};
/* End PBXVariantGroup section */

/* Begin XCBuildConfiguration section */
		9B78434D1D62EA0800F5A468 /* Debug */ = {
			isa = XCBuildConfiguration;
			buildSettings = {
				ALWAYS_SEARCH_USER_PATHS = NO;
				CLANG_CXX_LANGUAGE_STANDARD = "gnu++0x";
				CLANG_CXX_LIBRARY = "libc++";
				CLANG_ENABLE_MODULES = YES;
				CLANG_ENABLE_OBJC_ARC = YES;
				CLANG_WARN_BOOL_CONVERSION = YES;
				CLANG_WARN_CONSTANT_CONVERSION = YES;
				CLANG_WARN_DIRECT_OBJC_ISA_USAGE = YES_ERROR;
				CLANG_WARN_EMPTY_BODY = YES;
				CLANG_WARN_ENUM_CONVERSION = YES;
				CLANG_WARN_INT_CONVERSION = YES;
				CLANG_WARN_OBJC_ROOT_CLASS = YES_ERROR;
				CLANG_WARN_UNREACHABLE_CODE = YES;
				CLANG_WARN__DUPLICATE_METHOD_MATCH = YES;
				"CODE_SIGN_IDENTITY[sdk=iphoneos*]" = "iPhone Developer";
				COPY_PHASE_STRIP = NO;
				DEBUG_INFORMATION_FORMAT = dwarf;
				ENABLE_STRICT_OBJC_MSGSEND = YES;
				ENABLE_TESTABILITY = YES;
				GCC_C_LANGUAGE_STANDARD = gnu99;
				GCC_DYNAMIC_NO_PIC = NO;
				GCC_NO_COMMON_BLOCKS = YES;
				GCC_OPTIMIZATION_LEVEL = 0;
				GCC_PREPROCESSOR_DEFINITIONS = (
					"DEBUG=1",
					"$(inherited)",
				);
				GCC_WARN_64_TO_32_BIT_CONVERSION = YES;
				GCC_WARN_ABOUT_RETURN_TYPE = YES_ERROR;
				GCC_WARN_UNDECLARED_SELECTOR = YES;
				GCC_WARN_UNINITIALIZED_AUTOS = YES_AGGRESSIVE;
				GCC_WARN_UNUSED_FUNCTION = YES;
				GCC_WARN_UNUSED_VARIABLE = YES;
				IPHONEOS_DEPLOYMENT_TARGET = 9.1;
				MTL_ENABLE_DEBUG_INFO = YES;
				ONLY_ACTIVE_ARCH = YES;
				SDKROOT = iphoneos;
			};
			name = Debug;
		};
		9B78434E1D62EA0800F5A468 /* Release */ = {
			isa = XCBuildConfiguration;
			buildSettings = {
				ALWAYS_SEARCH_USER_PATHS = NO;
				CLANG_CXX_LANGUAGE_STANDARD = "gnu++0x";
				CLANG_CXX_LIBRARY = "libc++";
				CLANG_ENABLE_MODULES = YES;
				CLANG_ENABLE_OBJC_ARC = YES;
				CLANG_WARN_BOOL_CONVERSION = YES;
				CLANG_WARN_CONSTANT_CONVERSION = YES;
				CLANG_WARN_DIRECT_OBJC_ISA_USAGE = YES_ERROR;
				CLANG_WARN_EMPTY_BODY = YES;
				CLANG_WARN_ENUM_CONVERSION = YES;
				CLANG_WARN_INT_CONVERSION = YES;
				CLANG_WARN_OBJC_ROOT_CLASS = YES_ERROR;
				CLANG_WARN_UNREACHABLE_CODE = YES;
				CLANG_WARN__DUPLICATE_METHOD_MATCH = YES;
				"CODE_SIGN_IDENTITY[sdk=iphoneos*]" = "iPhone Developer";
				COPY_PHASE_STRIP = NO;
				DEBUG_INFORMATION_FORMAT = "dwarf-with-dsym";
				ENABLE_NS_ASSERTIONS = NO;
				ENABLE_STRICT_OBJC_MSGSEND = YES;
				GCC_C_LANGUAGE_STANDARD = gnu99;
				GCC_NO_COMMON_BLOCKS = YES;
				GCC_WARN_64_TO_32_BIT_CONVERSION = YES;
				GCC_WARN_ABOUT_RETURN_TYPE = YES_ERROR;
				GCC_WARN_UNDECLARED_SELECTOR = YES;
				GCC_WARN_UNINITIALIZED_AUTOS = YES_AGGRESSIVE;
				GCC_WARN_UNUSED_FUNCTION = YES;
				GCC_WARN_UNUSED_VARIABLE = YES;
				IPHONEOS_DEPLOYMENT_TARGET = 9.1;
				MTL_ENABLE_DEBUG_INFO = NO;
				SDKROOT = iphoneos;
				VALIDATE_PRODUCT = YES;
			};
			name = Release;
		};
		9B7843501D62EA0800F5A468 /* Debug */ = {
			isa = XCBuildConfiguration;
			baseConfigurationReference = C371663D6B1A633454B6CDB4 /* Pods-DaDaCook.debug.xcconfig */;
			buildSettings = {
				ASSETCATALOG_COMPILER_APPICON_NAME = AppIcon;
				ASSETCATALOG_COMPILER_LAUNCHIMAGE_NAME = "Brand Assets";
				GCC_PREFIX_HEADER = "$(PRODUCT_NAME)/PrefixHeader.pch";
				INFOPLIST_FILE = DaDaCook/Info.plist;
				IPHONEOS_DEPLOYMENT_TARGET = 8.0;
				LD_RUNPATH_SEARCH_PATHS = "$(inherited) @executable_path/Frameworks";
				PRODUCT_BUNDLE_IDENTIFIER = cn.wayne.DaDaCook;
				PRODUCT_NAME = "$(TARGET_NAME)";
			};
			name = Debug;
		};
		9B7843511D62EA0800F5A468 /* Release */ = {
			isa = XCBuildConfiguration;
			baseConfigurationReference = 1DB581D4C32753D811D929B6 /* Pods-DaDaCook.release.xcconfig */;
			buildSettings = {
				ASSETCATALOG_COMPILER_APPICON_NAME = AppIcon;
				ASSETCATALOG_COMPILER_LAUNCHIMAGE_NAME = "Brand Assets";
				GCC_PREFIX_HEADER = "$(PRODUCT_NAME)/PrefixHeader.pch";
				INFOPLIST_FILE = DaDaCook/Info.plist;
				IPHONEOS_DEPLOYMENT_TARGET = 8.0;
				LD_RUNPATH_SEARCH_PATHS = "$(inherited) @executable_path/Frameworks";
				PRODUCT_BUNDLE_IDENTIFIER = cn.wayne.DaDaCook;
				PRODUCT_NAME = "$(TARGET_NAME)";
			};
			name = Release;
		};
/* End XCBuildConfiguration section */

/* Begin XCConfigurationList section */
		9B7843331D62EA0800F5A468 /* Build configuration list for PBXProject "DaDaCook" */ = {
			isa = XCConfigurationList;
			buildConfigurations = (
				9B78434D1D62EA0800F5A468 /* Debug */,
				9B78434E1D62EA0800F5A468 /* Release */,
			);
			defaultConfigurationIsVisible = 0;
			defaultConfigurationName = Release;
		};
		9B78434F1D62EA0800F5A468 /* Build configuration list for PBXNativeTarget "DaDaCook" */ = {
			isa = XCConfigurationList;
			buildConfigurations = (
				9B7843501D62EA0800F5A468 /* Debug */,
				9B7843511D62EA0800F5A468 /* Release */,
			);
			defaultConfigurationIsVisible = 0;
			defaultConfigurationName = Release;
		};
/* End XCConfigurationList section */
	};
	rootObject = 9B7843301D62EA0800F5A468 /* Project object */;
}
